// !$*UTF8*$!
{
	archiveVersion = 1;
	classes = {
	};
	objectVersion = 56;
	objects = {

/* Begin PBXBuildFile section */
		0ADC0F039BD27B4D73771171 /* Pods_SportOn.framework in Frameworks */ = {isa = PBXBuildFile; fileRef = F49D13D2DFBB569E2C05AECF /* Pods_SportOn.framework */; };
		170FE22D2A02AD2F00F3D014 /* LeagueDetailsViewController.swift in Sources */ = {isa = PBXBuildFile; fileRef = 170FE22C2A02AD2F00F3D014 /* LeagueDetailsViewController.swift */; };
		170FE22F2A02B11C00F3D014 /* LeagueDetailsUpcomingCollectionViewCell.swift in Sources */ = {isa = PBXBuildFile; fileRef = 170FE22E2A02B11C00F3D014 /* LeagueDetailsUpcomingCollectionViewCell.swift */; };
		170FE2312A02B12C00F3D014 /* LeagueDetailsLatestResultsCollectionViewCell.swift in Sources */ = {isa = PBXBuildFile; fileRef = 170FE2302A02B12C00F3D014 /* LeagueDetailsLatestResultsCollectionViewCell.swift */; };
		170FE2332A02B13800F3D014 /* LeagueDetailsTeamsOrPlayersCollectionViewCell.swift in Sources */ = {isa = PBXBuildFile; fileRef = 170FE2322A02B13800F3D014 /* LeagueDetailsTeamsOrPlayersCollectionViewCell.swift */; };
		174C5DF62A0D018C0040A723 /* DateUtility.swift in Sources */ = {isa = PBXBuildFile; fileRef = 174C5DF52A0D018C0040A723 /* DateUtility.swift */; };
		174C5DFA2A0D04C20040A723 /* DateUtilityTest.swift in Sources */ = {isa = PBXBuildFile; fileRef = 174C5DF92A0D04C20040A723 /* DateUtilityTest.swift */; };
		1756C9302A0A5085006844AD /* OnboardingViewProtocol.swift in Sources */ = {isa = PBXBuildFile; fileRef = 1756C92F2A0A5085006844AD /* OnboardingViewProtocol.swift */; };
		1756C95B2A0ABFEF006844AD /* SplashViewProtocol.swift in Sources */ = {isa = PBXBuildFile; fileRef = 1756C95A2A0ABFEF006844AD /* SplashViewProtocol.swift */; };
		1756C95D2A0ABFFA006844AD /* SplashPresenterProtocol.swift in Sources */ = {isa = PBXBuildFile; fileRef = 1756C95C2A0ABFFA006844AD /* SplashPresenterProtocol.swift */; };
		1756C95F2A0AC406006844AD /* AllSportsViewProtocol.swift in Sources */ = {isa = PBXBuildFile; fileRef = 1756C95E2A0AC406006844AD /* AllSportsViewProtocol.swift */; };
		1756C9612A0AC416006844AD /* AllSportsPresenterProtocol.swift in Sources */ = {isa = PBXBuildFile; fileRef = 1756C9602A0AC416006844AD /* AllSportsPresenterProtocol.swift */; };
		1756C9632A0AD361006844AD /* AllLeaguesViewProtocol.swift in Sources */ = {isa = PBXBuildFile; fileRef = 1756C9622A0AD361006844AD /* AllLeaguesViewProtocol.swift */; };
		1756C9652A0AD36B006844AD /* AllLeaguesPresenterProtocol.swift in Sources */ = {isa = PBXBuildFile; fileRef = 1756C9642A0AD36B006844AD /* AllLeaguesPresenterProtocol.swift */; };
		1756C9672A0AD5C0006844AD /* NetworkConnectivityObserverProtocol.swift in Sources */ = {isa = PBXBuildFile; fileRef = 1756C9662A0AD5C0006844AD /* NetworkConnectivityObserverProtocol.swift */; };
		177227372A0B8C6500B3556F /* SportImage.swift in Sources */ = {isa = PBXBuildFile; fileRef = 177227362A0B8C6500B3556F /* SportImage.swift */; };
		177227392A0B8F5200B3556F /* OnboardingImage.swift in Sources */ = {isa = PBXBuildFile; fileRef = 177227382A0B8F5200B3556F /* OnboardingImage.swift */; };
		1772273B2A0B951B00B3556F /* LeagueDetailsViewProtocol.swift in Sources */ = {isa = PBXBuildFile; fileRef = 1772273A2A0B951B00B3556F /* LeagueDetailsViewProtocol.swift */; };
		1772273D2A0B952D00B3556F /* LeagueDetailsPresenterProtocol.swift in Sources */ = {isa = PBXBuildFile; fileRef = 1772273C2A0B952D00B3556F /* LeagueDetailsPresenterProtocol.swift */; };
		177227462A0C026300B3556F /* TeamDetailsViewProtocol.swift in Sources */ = {isa = PBXBuildFile; fileRef = 177227452A0C026300B3556F /* TeamDetailsViewProtocol.swift */; };
		177227482A0C029500B3556F /* TeamDetailsPresenterProtocol.swift in Sources */ = {isa = PBXBuildFile; fileRef = 177227472A0C029500B3556F /* TeamDetailsPresenterProtocol.swift */; };
		1772274A2A0C043200B3556F /* NetworkServiceProtocol.swift in Sources */ = {isa = PBXBuildFile; fileRef = 177227492A0C043200B3556F /* NetworkServiceProtocol.swift */; };
		1772274C2A0C04E400B3556F /* DatabaseManagerProtocol.swift in Sources */ = {isa = PBXBuildFile; fileRef = 1772274B2A0C04E400B3556F /* DatabaseManagerProtocol.swift */; };
		1772274E2A0C12A000B3556F /* PlayerDetailsViewProtocol.swift in Sources */ = {isa = PBXBuildFile; fileRef = 1772274D2A0C12A000B3556F /* PlayerDetailsViewProtocol.swift */; };
		177227502A0C12B600B3556F /* PlayerDetailsPresenterProtocol.swift in Sources */ = {isa = PBXBuildFile; fileRef = 1772274F2A0C12B600B3556F /* PlayerDetailsPresenterProtocol.swift */; };
		177227522A0C187300B3556F /* FavoritesViewProtocol.swift in Sources */ = {isa = PBXBuildFile; fileRef = 177227512A0C187300B3556F /* FavoritesViewProtocol.swift */; };
		177227562A0C189300B3556F /* FavoritesPresenterProtocol.swift in Sources */ = {isa = PBXBuildFile; fileRef = 177227552A0C189300B3556F /* FavoritesPresenterProtocol.swift */; };
		177227672A0C214A00B3556F /* MockNetworkServiceTest.swift in Sources */ = {isa = PBXBuildFile; fileRef = 177227662A0C214A00B3556F /* MockNetworkServiceTest.swift */; };
		1772276D2A0C324600B3556F /* MockNetworkServiceData.swift in Sources */ = {isa = PBXBuildFile; fileRef = 1772276C2A0C324600B3556F /* MockNetworkServiceData.swift */; };
		177227712A0C432000B3556F /* MockNetworkServiceMethods.swift in Sources */ = {isa = PBXBuildFile; fileRef = 177227702A0C432000B3556F /* MockNetworkServiceMethods.swift */; };
		177227752A0C566E00B3556F /* NetworkServiceTest.swift in Sources */ = {isa = PBXBuildFile; fileRef = 177227742A0C566E00B3556F /* NetworkServiceTest.swift */; };
		177FCAB62A0D8091005D3D23 /* splash_animation.json in Resources */ = {isa = PBXBuildFile; fileRef = 177FCAB52A0D8091005D3D23 /* splash_animation.json */; };
		177FCAB82A0D80A2005D3D23 /* loading.json in Resources */ = {isa = PBXBuildFile; fileRef = 177FCAB72A0D80A2005D3D23 /* loading.json */; };
		1780E8122A05334500525E60 /* PlayerItemDB.swift in Sources */ = {isa = PBXBuildFile; fileRef = 1780E8112A05334500525E60 /* PlayerItemDB.swift */; };
		1780E8142A054DD100525E60 /* FavoritesTableViewCell.swift in Sources */ = {isa = PBXBuildFile; fileRef = 1780E8132A054DD100525E60 /* FavoritesTableViewCell.swift */; };
		17823C612A002A01009A8ED3 /* AppDelegate.swift in Sources */ = {isa = PBXBuildFile; fileRef = 17823C602A002A01009A8ED3 /* AppDelegate.swift */; };
		17823C632A002A01009A8ED3 /* SceneDelegate.swift in Sources */ = {isa = PBXBuildFile; fileRef = 17823C622A002A01009A8ED3 /* SceneDelegate.swift */; };
		17823C652A002A01009A8ED3 /* SplashViewController.swift in Sources */ = {isa = PBXBuildFile; fileRef = 17823C642A002A01009A8ED3 /* SplashViewController.swift */; };
		17823C682A002A01009A8ED3 /* Main.storyboard in Resources */ = {isa = PBXBuildFile; fileRef = 17823C662A002A01009A8ED3 /* Main.storyboard */; };
		17823C6B2A002A01009A8ED3 /* SportOn.xcdatamodeld in Sources */ = {isa = PBXBuildFile; fileRef = 17823C692A002A01009A8ED3 /* SportOn.xcdatamodeld */; };
		17823C6D2A002A04009A8ED3 /* Assets.xcassets in Resources */ = {isa = PBXBuildFile; fileRef = 17823C6C2A002A04009A8ED3 /* Assets.xcassets */; };
		17823C702A002A04009A8ED3 /* LaunchScreen.storyboard in Resources */ = {isa = PBXBuildFile; fileRef = 17823C6E2A002A04009A8ED3 /* LaunchScreen.storyboard */; };
		17823C922A008971009A8ED3 /* Lottie in Frameworks */ = {isa = PBXBuildFile; productRef = 17823C912A008971009A8ED3 /* Lottie */; };
		178888B42A0866D50022AE0E /* MyBaseViewController.swift in Sources */ = {isa = PBXBuildFile; fileRef = 178888B32A0866D50022AE0E /* MyBaseViewController.swift */; };
		178E1D332A03E3AA0049E26B /* TeamDetailsViewController.swift in Sources */ = {isa = PBXBuildFile; fileRef = 178E1D322A03E3AA0049E26B /* TeamDetailsViewController.swift */; };
		178E1D352A03E3B20049E26B /* PlayerDetailsViewController.swift in Sources */ = {isa = PBXBuildFile; fileRef = 178E1D342A03E3B20049E26B /* PlayerDetailsViewController.swift */; };
		178F6BD02A067D230028AF53 /* OnboardingViewController.swift in Sources */ = {isa = PBXBuildFile; fileRef = 178F6BCD2A067D230028AF53 /* OnboardingViewController.swift */; };
		178F6BD12A067D230028AF53 /* OnboardingCollectionViewCell.swift in Sources */ = {isa = PBXBuildFile; fileRef = 178F6BCE2A067D230028AF53 /* OnboardingCollectionViewCell.swift */; };
		178F6BD22A067D230028AF53 /* OnboardingItem.swift in Sources */ = {isa = PBXBuildFile; fileRef = 178F6BCF2A067D230028AF53 /* OnboardingItem.swift */; };
		179639802A03EA1C0049ED9A /* TeamPlayerTableViewCell.swift in Sources */ = {isa = PBXBuildFile; fileRef = 1796397F2A03EA1C0049ED9A /* TeamPlayerTableViewCell.swift */; };
		179639842A0414D30049ED9A /* DatabaseManager.swift in Sources */ = {isa = PBXBuildFile; fileRef = 179639832A0414D30049ED9A /* DatabaseManager.swift */; };
		179639862A0423480049ED9A /* DatabaseItem.swift in Sources */ = {isa = PBXBuildFile; fileRef = 179639852A0423480049ED9A /* DatabaseItem.swift */; };
		179639882A0426650049ED9A /* TeamItemDB.swift in Sources */ = {isa = PBXBuildFile; fileRef = 179639872A0426650049ED9A /* TeamItemDB.swift */; };
		17A942CF2A0168A700A9EF64 /* AllSportsViewController.swift in Sources */ = {isa = PBXBuildFile; fileRef = 17A942CE2A0168A700A9EF64 /* AllSportsViewController.swift */; };
		17A942D32A01691C00A9EF64 /* FavoritesViewController.swift in Sources */ = {isa = PBXBuildFile; fileRef = 17A942D22A01691C00A9EF64 /* FavoritesViewController.swift */; };
		17A942D52A01696700A9EF64 /* SportsCollectionViewCell.swift in Sources */ = {isa = PBXBuildFile; fileRef = 17A942D42A01696700A9EF64 /* SportsCollectionViewCell.swift */; };
		17A942D72A01767600A9EF64 /* SportItem.swift in Sources */ = {isa = PBXBuildFile; fileRef = 17A942D62A01767600A9EF64 /* SportItem.swift */; };
		17A942DA2A017D4B00A9EF64 /* AllLeaguesViewController.swift in Sources */ = {isa = PBXBuildFile; fileRef = 17A942D92A017D4B00A9EF64 /* AllLeaguesViewController.swift */; };
		17A942DC2A0195EE00A9EF64 /* LeaguesTableViewCell.swift in Sources */ = {isa = PBXBuildFile; fileRef = 17A942DB2A0195EE00A9EF64 /* LeaguesTableViewCell.swift */; };
		17A942E12A0197A400A9EF64 /* NetworkService.swift in Sources */ = {isa = PBXBuildFile; fileRef = 17A942E02A0197A400A9EF64 /* NetworkService.swift */; };
		17AAAB552A0453F800B02370 /* Leagues.swift in Sources */ = {isa = PBXBuildFile; fileRef = 17AAAB542A0453F800B02370 /* Leagues.swift */; };
		17AAAB572A04540400B02370 /* LeagueDetails.swift in Sources */ = {isa = PBXBuildFile; fileRef = 17AAAB562A04540400B02370 /* LeagueDetails.swift */; };
		17AAAB592A04541200B02370 /* TeamDetails.swift in Sources */ = {isa = PBXBuildFile; fileRef = 17AAAB582A04541200B02370 /* TeamDetails.swift */; };
		17AAAB5B2A04542200B02370 /* PlayerDetails.swift in Sources */ = {isa = PBXBuildFile; fileRef = 17AAAB5A2A04542200B02370 /* PlayerDetails.swift */; };
		17AAAB5E2A04585D00B02370 /* Constants.swift in Sources */ = {isa = PBXBuildFile; fileRef = 17AAAB5D2A04585D00B02370 /* Constants.swift */; };
		17B726832A123E9D001B7409 /* MyTabBarController.swift in Sources */ = {isa = PBXBuildFile; fileRef = 17B726822A123E9D001B7409 /* MyTabBarController.swift */; };
		17FFF6352A093BA500E1583B /* LabelGenerator.swift in Sources */ = {isa = PBXBuildFile; fileRef = 17FFF6342A093BA500E1583B /* LabelGenerator.swift */; };
		17FFF63B2A099DC400E1583B /* OnboardingPresenter.swift in Sources */ = {isa = PBXBuildFile; fileRef = 17FFF63A2A099DC400E1583B /* OnboardingPresenter.swift */; };
		17FFF63D2A09A61100E1583B /* PlayerDetailsPresenter.swift in Sources */ = {isa = PBXBuildFile; fileRef = 17FFF63C2A09A61100E1583B /* PlayerDetailsPresenter.swift */; };
		17FFF63F2A09A61E00E1583B /* TeamDetailsPresenter.swift in Sources */ = {isa = PBXBuildFile; fileRef = 17FFF63E2A09A61E00E1583B /* TeamDetailsPresenter.swift */; };
		17FFF6412A09A62B00E1583B /* LeagueDetailsPresenter.swift in Sources */ = {isa = PBXBuildFile; fileRef = 17FFF6402A09A62B00E1583B /* LeagueDetailsPresenter.swift */; };
		17FFF6432A09A63A00E1583B /* AllLeaguesPresenter.swift in Sources */ = {isa = PBXBuildFile; fileRef = 17FFF6422A09A63A00E1583B /* AllLeaguesPresenter.swift */; };
		17FFF6452A09A65100E1583B /* FavoritesPresenter.swift in Sources */ = {isa = PBXBuildFile; fileRef = 17FFF6442A09A65100E1583B /* FavoritesPresenter.swift */; };
		17FFF6472A09A65E00E1583B /* AllSportsPresenter.swift in Sources */ = {isa = PBXBuildFile; fileRef = 17FFF6462A09A65E00E1583B /* AllSportsPresenter.swift */; };
		17FFF6492A09A6DB00E1583B /* SplashPresenter.swift in Sources */ = {isa = PBXBuildFile; fileRef = 17FFF6482A09A6DB00E1583B /* SplashPresenter.swift */; };
		17FFF64B2A09AC0F00E1583B /* OnboardingPresenterProtocol.swift in Sources */ = {isa = PBXBuildFile; fileRef = 17FFF64A2A09AC0F00E1583B /* OnboardingPresenterProtocol.swift */; };
/* End PBXBuildFile section */

/* Begin PBXContainerItemProxy section */
		177227612A0C210800B3556F /* PBXContainerItemProxy */ = {
			isa = PBXContainerItemProxy;
			containerPortal = 17823C552A002A01009A8ED3 /* Project object */;
			proxyType = 1;
			remoteGlobalIDString = 17823C5C2A002A01009A8ED3;
			remoteInfo = SportOn;
		};
/* End PBXContainerItemProxy section */

/* Begin PBXFileReference section */
		170FE22C2A02AD2F00F3D014 /* LeagueDetailsViewController.swift */ = {isa = PBXFileReference; lastKnownFileType = sourcecode.swift; path = LeagueDetailsViewController.swift; sourceTree = "<group>"; };
		170FE22E2A02B11C00F3D014 /* LeagueDetailsUpcomingCollectionViewCell.swift */ = {isa = PBXFileReference; lastKnownFileType = sourcecode.swift; path = LeagueDetailsUpcomingCollectionViewCell.swift; sourceTree = "<group>"; };
		170FE2302A02B12C00F3D014 /* LeagueDetailsLatestResultsCollectionViewCell.swift */ = {isa = PBXFileReference; lastKnownFileType = sourcecode.swift; path = LeagueDetailsLatestResultsCollectionViewCell.swift; sourceTree = "<group>"; };
		170FE2322A02B13800F3D014 /* LeagueDetailsTeamsOrPlayersCollectionViewCell.swift */ = {isa = PBXFileReference; lastKnownFileType = sourcecode.swift; path = LeagueDetailsTeamsOrPlayersCollectionViewCell.swift; sourceTree = "<group>"; };
		174C5DF52A0D018C0040A723 /* DateUtility.swift */ = {isa = PBXFileReference; lastKnownFileType = sourcecode.swift; path = DateUtility.swift; sourceTree = "<group>"; };
		174C5DF92A0D04C20040A723 /* DateUtilityTest.swift */ = {isa = PBXFileReference; lastKnownFileType = sourcecode.swift; path = DateUtilityTest.swift; sourceTree = "<group>"; };
		1756C92F2A0A5085006844AD /* OnboardingViewProtocol.swift */ = {isa = PBXFileReference; lastKnownFileType = sourcecode.swift; path = OnboardingViewProtocol.swift; sourceTree = "<group>"; };
		1756C95A2A0ABFEF006844AD /* SplashViewProtocol.swift */ = {isa = PBXFileReference; lastKnownFileType = sourcecode.swift; path = SplashViewProtocol.swift; sourceTree = "<group>"; };
		1756C95C2A0ABFFA006844AD /* SplashPresenterProtocol.swift */ = {isa = PBXFileReference; lastKnownFileType = sourcecode.swift; path = SplashPresenterProtocol.swift; sourceTree = "<group>"; };
		1756C95E2A0AC406006844AD /* AllSportsViewProtocol.swift */ = {isa = PBXFileReference; lastKnownFileType = sourcecode.swift; path = AllSportsViewProtocol.swift; sourceTree = "<group>"; };
		1756C9602A0AC416006844AD /* AllSportsPresenterProtocol.swift */ = {isa = PBXFileReference; lastKnownFileType = sourcecode.swift; path = AllSportsPresenterProtocol.swift; sourceTree = "<group>"; };
		1756C9622A0AD361006844AD /* AllLeaguesViewProtocol.swift */ = {isa = PBXFileReference; lastKnownFileType = sourcecode.swift; path = AllLeaguesViewProtocol.swift; sourceTree = "<group>"; };
		1756C9642A0AD36B006844AD /* AllLeaguesPresenterProtocol.swift */ = {isa = PBXFileReference; lastKnownFileType = sourcecode.swift; path = AllLeaguesPresenterProtocol.swift; sourceTree = "<group>"; };
		1756C9662A0AD5C0006844AD /* NetworkConnectivityObserverProtocol.swift */ = {isa = PBXFileReference; lastKnownFileType = sourcecode.swift; path = NetworkConnectivityObserverProtocol.swift; sourceTree = "<group>"; };
		177227362A0B8C6500B3556F /* SportImage.swift */ = {isa = PBXFileReference; lastKnownFileType = sourcecode.swift; path = SportImage.swift; sourceTree = "<group>"; };
		177227382A0B8F5200B3556F /* OnboardingImage.swift */ = {isa = PBXFileReference; lastKnownFileType = sourcecode.swift; path = OnboardingImage.swift; sourceTree = "<group>"; };
		1772273A2A0B951B00B3556F /* LeagueDetailsViewProtocol.swift */ = {isa = PBXFileReference; lastKnownFileType = sourcecode.swift; path = LeagueDetailsViewProtocol.swift; sourceTree = "<group>"; };
		1772273C2A0B952D00B3556F /* LeagueDetailsPresenterProtocol.swift */ = {isa = PBXFileReference; lastKnownFileType = sourcecode.swift; path = LeagueDetailsPresenterProtocol.swift; sourceTree = "<group>"; };
		177227452A0C026300B3556F /* TeamDetailsViewProtocol.swift */ = {isa = PBXFileReference; lastKnownFileType = sourcecode.swift; path = TeamDetailsViewProtocol.swift; sourceTree = "<group>"; };
		177227472A0C029500B3556F /* TeamDetailsPresenterProtocol.swift */ = {isa = PBXFileReference; lastKnownFileType = sourcecode.swift; path = TeamDetailsPresenterProtocol.swift; sourceTree = "<group>"; };
		177227492A0C043200B3556F /* NetworkServiceProtocol.swift */ = {isa = PBXFileReference; lastKnownFileType = sourcecode.swift; path = NetworkServiceProtocol.swift; sourceTree = "<group>"; };
		1772274B2A0C04E400B3556F /* DatabaseManagerProtocol.swift */ = {isa = PBXFileReference; lastKnownFileType = sourcecode.swift; path = DatabaseManagerProtocol.swift; sourceTree = "<group>"; };
		1772274D2A0C12A000B3556F /* PlayerDetailsViewProtocol.swift */ = {isa = PBXFileReference; lastKnownFileType = sourcecode.swift; path = PlayerDetailsViewProtocol.swift; sourceTree = "<group>"; };
		1772274F2A0C12B600B3556F /* PlayerDetailsPresenterProtocol.swift */ = {isa = PBXFileReference; lastKnownFileType = sourcecode.swift; path = PlayerDetailsPresenterProtocol.swift; sourceTree = "<group>"; };
		177227512A0C187300B3556F /* FavoritesViewProtocol.swift */ = {isa = PBXFileReference; lastKnownFileType = sourcecode.swift; path = FavoritesViewProtocol.swift; sourceTree = "<group>"; };
		177227552A0C189300B3556F /* FavoritesPresenterProtocol.swift */ = {isa = PBXFileReference; lastKnownFileType = sourcecode.swift; path = FavoritesPresenterProtocol.swift; sourceTree = "<group>"; };
		1772275D2A0C210800B3556F /* SportOnTests.xctest */ = {isa = PBXFileReference; explicitFileType = wrapper.cfbundle; includeInIndex = 0; path = SportOnTests.xctest; sourceTree = BUILT_PRODUCTS_DIR; };
		177227662A0C214A00B3556F /* MockNetworkServiceTest.swift */ = {isa = PBXFileReference; lastKnownFileType = sourcecode.swift; path = MockNetworkServiceTest.swift; sourceTree = "<group>"; };
		1772276C2A0C324600B3556F /* MockNetworkServiceData.swift */ = {isa = PBXFileReference; lastKnownFileType = sourcecode.swift; path = MockNetworkServiceData.swift; sourceTree = "<group>"; };
		177227702A0C432000B3556F /* MockNetworkServiceMethods.swift */ = {isa = PBXFileReference; lastKnownFileType = sourcecode.swift; path = MockNetworkServiceMethods.swift; sourceTree = "<group>"; };
		177227742A0C566E00B3556F /* NetworkServiceTest.swift */ = {isa = PBXFileReference; lastKnownFileType = sourcecode.swift; path = NetworkServiceTest.swift; sourceTree = "<group>"; };
		177FCAB52A0D8091005D3D23 /* splash_animation.json */ = {isa = PBXFileReference; fileEncoding = 4; lastKnownFileType = text.json; path = splash_animation.json; sourceTree = "<group>"; };
		177FCAB72A0D80A2005D3D23 /* loading.json */ = {isa = PBXFileReference; fileEncoding = 4; lastKnownFileType = text.json; path = loading.json; sourceTree = "<group>"; };
		1780E8112A05334500525E60 /* PlayerItemDB.swift */ = {isa = PBXFileReference; lastKnownFileType = sourcecode.swift; path = PlayerItemDB.swift; sourceTree = "<group>"; };
		1780E8132A054DD100525E60 /* FavoritesTableViewCell.swift */ = {isa = PBXFileReference; lastKnownFileType = sourcecode.swift; path = FavoritesTableViewCell.swift; sourceTree = "<group>"; };
		17823C5D2A002A01009A8ED3 /* SportOn.app */ = {isa = PBXFileReference; explicitFileType = wrapper.application; includeInIndex = 0; path = SportOn.app; sourceTree = BUILT_PRODUCTS_DIR; };
		17823C602A002A01009A8ED3 /* AppDelegate.swift */ = {isa = PBXFileReference; lastKnownFileType = sourcecode.swift; path = AppDelegate.swift; sourceTree = "<group>"; };
		17823C622A002A01009A8ED3 /* SceneDelegate.swift */ = {isa = PBXFileReference; lastKnownFileType = sourcecode.swift; path = SceneDelegate.swift; sourceTree = "<group>"; };
		17823C642A002A01009A8ED3 /* SplashViewController.swift */ = {isa = PBXFileReference; lastKnownFileType = sourcecode.swift; path = SplashViewController.swift; sourceTree = "<group>"; };
		17823C672A002A01009A8ED3 /* Base */ = {isa = PBXFileReference; lastKnownFileType = file.storyboard; name = Base; path = Base.lproj/Main.storyboard; sourceTree = "<group>"; };
		17823C6A2A002A01009A8ED3 /* SportOn.xcdatamodel */ = {isa = PBXFileReference; lastKnownFileType = wrapper.xcdatamodel; path = SportOn.xcdatamodel; sourceTree = "<group>"; };
		17823C6C2A002A04009A8ED3 /* Assets.xcassets */ = {isa = PBXFileReference; lastKnownFileType = folder.assetcatalog; path = Assets.xcassets; sourceTree = "<group>"; };
		17823C6F2A002A04009A8ED3 /* Base */ = {isa = PBXFileReference; lastKnownFileType = file.storyboard; name = Base; path = Base.lproj/LaunchScreen.storyboard; sourceTree = "<group>"; };
		17823C712A002A04009A8ED3 /* Info.plist */ = {isa = PBXFileReference; lastKnownFileType = text.plist.xml; path = Info.plist; sourceTree = "<group>"; };
		178888B32A0866D50022AE0E /* MyBaseViewController.swift */ = {isa = PBXFileReference; lastKnownFileType = sourcecode.swift; path = MyBaseViewController.swift; sourceTree = "<group>"; };
		178E1D322A03E3AA0049E26B /* TeamDetailsViewController.swift */ = {isa = PBXFileReference; lastKnownFileType = sourcecode.swift; path = TeamDetailsViewController.swift; sourceTree = "<group>"; };
		178E1D342A03E3B20049E26B /* PlayerDetailsViewController.swift */ = {isa = PBXFileReference; lastKnownFileType = sourcecode.swift; path = PlayerDetailsViewController.swift; sourceTree = "<group>"; };
		178F6BCD2A067D230028AF53 /* OnboardingViewController.swift */ = {isa = PBXFileReference; fileEncoding = 4; lastKnownFileType = sourcecode.swift; path = OnboardingViewController.swift; sourceTree = "<group>"; };
		178F6BCE2A067D230028AF53 /* OnboardingCollectionViewCell.swift */ = {isa = PBXFileReference; fileEncoding = 4; lastKnownFileType = sourcecode.swift; path = OnboardingCollectionViewCell.swift; sourceTree = "<group>"; };
		178F6BCF2A067D230028AF53 /* OnboardingItem.swift */ = {isa = PBXFileReference; fileEncoding = 4; lastKnownFileType = sourcecode.swift; path = OnboardingItem.swift; sourceTree = "<group>"; };
		1796397F2A03EA1C0049ED9A /* TeamPlayerTableViewCell.swift */ = {isa = PBXFileReference; lastKnownFileType = sourcecode.swift; path = TeamPlayerTableViewCell.swift; sourceTree = "<group>"; };
		179639832A0414D30049ED9A /* DatabaseManager.swift */ = {isa = PBXFileReference; fileEncoding = 4; lastKnownFileType = sourcecode.swift; path = DatabaseManager.swift; sourceTree = "<group>"; };
		179639852A0423480049ED9A /* DatabaseItem.swift */ = {isa = PBXFileReference; lastKnownFileType = sourcecode.swift; path = DatabaseItem.swift; sourceTree = "<group>"; };
		179639872A0426650049ED9A /* TeamItemDB.swift */ = {isa = PBXFileReference; lastKnownFileType = sourcecode.swift; path = TeamItemDB.swift; sourceTree = "<group>"; };
		17A942CE2A0168A700A9EF64 /* AllSportsViewController.swift */ = {isa = PBXFileReference; lastKnownFileType = sourcecode.swift; path = AllSportsViewController.swift; sourceTree = "<group>"; };
		17A942D22A01691C00A9EF64 /* FavoritesViewController.swift */ = {isa = PBXFileReference; lastKnownFileType = sourcecode.swift; path = FavoritesViewController.swift; sourceTree = "<group>"; };
		17A942D42A01696700A9EF64 /* SportsCollectionViewCell.swift */ = {isa = PBXFileReference; lastKnownFileType = sourcecode.swift; path = SportsCollectionViewCell.swift; sourceTree = "<group>"; };
		17A942D62A01767600A9EF64 /* SportItem.swift */ = {isa = PBXFileReference; lastKnownFileType = sourcecode.swift; path = SportItem.swift; sourceTree = "<group>"; };
		17A942D92A017D4B00A9EF64 /* AllLeaguesViewController.swift */ = {isa = PBXFileReference; lastKnownFileType = sourcecode.swift; path = AllLeaguesViewController.swift; sourceTree = "<group>"; };
		17A942DB2A0195EE00A9EF64 /* LeaguesTableViewCell.swift */ = {isa = PBXFileReference; lastKnownFileType = sourcecode.swift; path = LeaguesTableViewCell.swift; sourceTree = "<group>"; };
		17A942E02A0197A400A9EF64 /* NetworkService.swift */ = {isa = PBXFileReference; fileEncoding = 4; lastKnownFileType = sourcecode.swift; path = NetworkService.swift; sourceTree = "<group>"; };
		17AAAB542A0453F800B02370 /* Leagues.swift */ = {isa = PBXFileReference; lastKnownFileType = sourcecode.swift; path = Leagues.swift; sourceTree = "<group>"; };
		17AAAB562A04540400B02370 /* LeagueDetails.swift */ = {isa = PBXFileReference; lastKnownFileType = sourcecode.swift; path = LeagueDetails.swift; sourceTree = "<group>"; };
		17AAAB582A04541200B02370 /* TeamDetails.swift */ = {isa = PBXFileReference; lastKnownFileType = sourcecode.swift; path = TeamDetails.swift; sourceTree = "<group>"; };
		17AAAB5A2A04542200B02370 /* PlayerDetails.swift */ = {isa = PBXFileReference; lastKnownFileType = sourcecode.swift; path = PlayerDetails.swift; sourceTree = "<group>"; };
		17AAAB5D2A04585D00B02370 /* Constants.swift */ = {isa = PBXFileReference; lastKnownFileType = sourcecode.swift; path = Constants.swift; sourceTree = "<group>"; };
		17B726822A123E9D001B7409 /* MyTabBarController.swift */ = {isa = PBXFileReference; lastKnownFileType = sourcecode.swift; path = MyTabBarController.swift; sourceTree = "<group>"; };
		17FFF6342A093BA500E1583B /* LabelGenerator.swift */ = {isa = PBXFileReference; lastKnownFileType = sourcecode.swift; path = LabelGenerator.swift; sourceTree = "<group>"; };
		17FFF63A2A099DC400E1583B /* OnboardingPresenter.swift */ = {isa = PBXFileReference; lastKnownFileType = sourcecode.swift; path = OnboardingPresenter.swift; sourceTree = "<group>"; };
		17FFF63C2A09A61100E1583B /* PlayerDetailsPresenter.swift */ = {isa = PBXFileReference; lastKnownFileType = sourcecode.swift; path = PlayerDetailsPresenter.swift; sourceTree = "<group>"; };
		17FFF63E2A09A61E00E1583B /* TeamDetailsPresenter.swift */ = {isa = PBXFileReference; lastKnownFileType = sourcecode.swift; path = TeamDetailsPresenter.swift; sourceTree = "<group>"; };
		17FFF6402A09A62B00E1583B /* LeagueDetailsPresenter.swift */ = {isa = PBXFileReference; lastKnownFileType = sourcecode.swift; path = LeagueDetailsPresenter.swift; sourceTree = "<group>"; };
		17FFF6422A09A63A00E1583B /* AllLeaguesPresenter.swift */ = {isa = PBXFileReference; lastKnownFileType = sourcecode.swift; path = AllLeaguesPresenter.swift; sourceTree = "<group>"; };
		17FFF6442A09A65100E1583B /* FavoritesPresenter.swift */ = {isa = PBXFileReference; lastKnownFileType = sourcecode.swift; path = FavoritesPresenter.swift; sourceTree = "<group>"; };
		17FFF6462A09A65E00E1583B /* AllSportsPresenter.swift */ = {isa = PBXFileReference; lastKnownFileType = sourcecode.swift; path = AllSportsPresenter.swift; sourceTree = "<group>"; };
		17FFF6482A09A6DB00E1583B /* SplashPresenter.swift */ = {isa = PBXFileReference; lastKnownFileType = sourcecode.swift; path = SplashPresenter.swift; sourceTree = "<group>"; };
		17FFF64A2A09AC0F00E1583B /* OnboardingPresenterProtocol.swift */ = {isa = PBXFileReference; lastKnownFileType = sourcecode.swift; path = OnboardingPresenterProtocol.swift; sourceTree = "<group>"; };
		A9845B205915F3A9148E338A /* Pods-SportOn.debug.xcconfig */ = {isa = PBXFileReference; includeInIndex = 1; lastKnownFileType = text.xcconfig; name = "Pods-SportOn.debug.xcconfig"; path = "Target Support Files/Pods-SportOn/Pods-SportOn.debug.xcconfig"; sourceTree = "<group>"; };
		D3C522A4D47DA837F5C84C39 /* Pods-SportOn.release.xcconfig */ = {isa = PBXFileReference; includeInIndex = 1; lastKnownFileType = text.xcconfig; name = "Pods-SportOn.release.xcconfig"; path = "Target Support Files/Pods-SportOn/Pods-SportOn.release.xcconfig"; sourceTree = "<group>"; };
		F49D13D2DFBB569E2C05AECF /* Pods_SportOn.framework */ = {isa = PBXFileReference; explicitFileType = wrapper.framework; includeInIndex = 0; path = Pods_SportOn.framework; sourceTree = BUILT_PRODUCTS_DIR; };
/* End PBXFileReference section */

/* Begin PBXFrameworksBuildPhase section */
		1772275A2A0C210800B3556F /* Frameworks */ = {
			isa = PBXFrameworksBuildPhase;
			buildActionMask = 2147483647;
			files = (
			);
			runOnlyForDeploymentPostprocessing = 0;
		};
		17823C5A2A002A01009A8ED3 /* Frameworks */ = {
			isa = PBXFrameworksBuildPhase;
			buildActionMask = 2147483647;
			files = (
				17823C922A008971009A8ED3 /* Lottie in Frameworks */,
				0ADC0F039BD27B4D73771171 /* Pods_SportOn.framework in Frameworks */,
			);
			runOnlyForDeploymentPostprocessing = 0;
		};
/* End PBXFrameworksBuildPhase section */

/* Begin PBXGroup section */
		170FE22B2A02AD0700F3D014 /* league_details */ = {
			isa = PBXGroup;
			children = (
				1756C93D2A0ABCA4006844AD /* models */,
				1756C9452A0ABCED006844AD /* views */,
				1756C9502A0ABD27006844AD /* presenters */,
				1756C9552A0ABE86006844AD /* protocols */,
			);
			path = league_details;
			sourceTree = "<group>";
		};
		170FE9AC2A03E36B00ADC277 /* team_details */ = {
			isa = PBXGroup;
			children = (
				1756C93C2A0ABCA1006844AD /* models */,
				1756C9442A0ABCE8006844AD /* views */,
				1756C9512A0ABD2C006844AD /* presenters */,
				1756C9542A0ABE7F006844AD /* protocols */,
			);
			path = team_details;
			sourceTree = "<group>";
		};
		172524BF2A067CDD00D35613 /* onboarding */ = {
			isa = PBXGroup;
			children = (
				1756C93A2A0ABC8B006844AD /* models */,
				1756C9422A0ABCC9006844AD /* views */,
				1756C94A2A0ABD09006844AD /* presenters */,
				1756C9522A0ABE58006844AD /* protocols */,
			);
			path = onboarding;
			sourceTree = "<group>";
		};
		174C5DF72A0D04700040A723 /* Tests */ = {
			isa = PBXGroup;
			children = (
				174C5DF92A0D04C20040A723 /* DateUtilityTest.swift */,
				177227742A0C566E00B3556F /* NetworkServiceTest.swift */,
				177227662A0C214A00B3556F /* MockNetworkServiceTest.swift */,
			);
			path = Tests;
			sourceTree = "<group>";
		};
		174C5DF82A0D04900040A723 /* MockNetworkService methods and data */ = {
			isa = PBXGroup;
			children = (
				1772276C2A0C324600B3556F /* MockNetworkServiceData.swift */,
				177227702A0C432000B3556F /* MockNetworkServiceMethods.swift */,
			);
			path = "MockNetworkService methods and data";
			sourceTree = "<group>";
		};
		1756C93A2A0ABC8B006844AD /* models */ = {
			isa = PBXGroup;
			children = (
				178F6BCF2A067D230028AF53 /* OnboardingItem.swift */,
				177227382A0B8F5200B3556F /* OnboardingImage.swift */,
			);
			path = models;
			sourceTree = "<group>";
		};
		1756C93B2A0ABC9D006844AD /* models */ = {
			isa = PBXGroup;
			children = (
			);
			path = models;
			sourceTree = "<group>";
		};
		1756C93C2A0ABCA1006844AD /* models */ = {
			isa = PBXGroup;
			children = (
			);
			path = models;
			sourceTree = "<group>";
		};
		1756C93D2A0ABCA4006844AD /* models */ = {
			isa = PBXGroup;
			children = (
			);
			path = models;
			sourceTree = "<group>";
		};
		1756C93E2A0ABCA8006844AD /* models */ = {
			isa = PBXGroup;
			children = (
			);
			path = models;
			sourceTree = "<group>";
		};
		1756C93F2A0ABCAC006844AD /* models */ = {
			isa = PBXGroup;
			children = (
			);
			path = models;
			sourceTree = "<group>";
		};
		1756C9402A0ABCB3006844AD /* models */ = {
			isa = PBXGroup;
			children = (
				17A942D62A01767600A9EF64 /* SportItem.swift */,
				177227362A0B8C6500B3556F /* SportImage.swift */,
			);
			path = models;
			sourceTree = "<group>";
		};
		1756C9412A0ABCB9006844AD /* models */ = {
			isa = PBXGroup;
			children = (
			);
			path = models;
			sourceTree = "<group>";
		};
		1756C9422A0ABCC9006844AD /* views */ = {
			isa = PBXGroup;
			children = (
				178F6BCE2A067D230028AF53 /* OnboardingCollectionViewCell.swift */,
				178F6BCD2A067D230028AF53 /* OnboardingViewController.swift */,
			);
			path = views;
			sourceTree = "<group>";
		};
		1756C9432A0ABCE4006844AD /* views */ = {
			isa = PBXGroup;
			children = (
				178E1D342A03E3B20049E26B /* PlayerDetailsViewController.swift */,
			);
			path = views;
			sourceTree = "<group>";
		};
		1756C9442A0ABCE8006844AD /* views */ = {
			isa = PBXGroup;
			children = (
				178E1D322A03E3AA0049E26B /* TeamDetailsViewController.swift */,
				1796397F2A03EA1C0049ED9A /* TeamPlayerTableViewCell.swift */,
			);
			path = views;
			sourceTree = "<group>";
		};
		1756C9452A0ABCED006844AD /* views */ = {
			isa = PBXGroup;
			children = (
				170FE22C2A02AD2F00F3D014 /* LeagueDetailsViewController.swift */,
				170FE22E2A02B11C00F3D014 /* LeagueDetailsUpcomingCollectionViewCell.swift */,
				170FE2302A02B12C00F3D014 /* LeagueDetailsLatestResultsCollectionViewCell.swift */,
				170FE2322A02B13800F3D014 /* LeagueDetailsTeamsOrPlayersCollectionViewCell.swift */,
			);
			path = views;
			sourceTree = "<group>";
		};
		1756C9462A0ABCF1006844AD /* views */ = {
			isa = PBXGroup;
			children = (
				17A942DB2A0195EE00A9EF64 /* LeaguesTableViewCell.swift */,
				17A942D92A017D4B00A9EF64 /* AllLeaguesViewController.swift */,
			);
			path = views;
			sourceTree = "<group>";
		};
		1756C9472A0ABCF7006844AD /* views */ = {
			isa = PBXGroup;
			children = (
				17A942D22A01691C00A9EF64 /* FavoritesViewController.swift */,
				1780E8132A054DD100525E60 /* FavoritesTableViewCell.swift */,
			);
			path = views;
			sourceTree = "<group>";
		};
		1756C9482A0ABCFA006844AD /* views */ = {
			isa = PBXGroup;
			children = (
				17A942CE2A0168A700A9EF64 /* AllSportsViewController.swift */,
				17A942D42A01696700A9EF64 /* SportsCollectionViewCell.swift */,
			);
			path = views;
			sourceTree = "<group>";
		};
		1756C9492A0ABCFD006844AD /* views */ = {
			isa = PBXGroup;
			children = (
				17823C642A002A01009A8ED3 /* SplashViewController.swift */,
			);
			path = views;
			sourceTree = "<group>";
		};
		1756C94A2A0ABD09006844AD /* presenters */ = {
			isa = PBXGroup;
			children = (
				17FFF63A2A099DC400E1583B /* OnboardingPresenter.swift */,
			);
			path = presenters;
			sourceTree = "<group>";
		};
		1756C94B2A0ABD14006844AD /* presenters */ = {
			isa = PBXGroup;
			children = (
				17FFF63C2A09A61100E1583B /* PlayerDetailsPresenter.swift */,
			);
			path = presenters;
			sourceTree = "<group>";
		};
		1756C94C2A0ABD18006844AD /* presenters */ = {
			isa = PBXGroup;
			children = (
				17FFF6482A09A6DB00E1583B /* SplashPresenter.swift */,
			);
			path = presenters;
			sourceTree = "<group>";
		};
		1756C94D2A0ABD1B006844AD /* presenters */ = {
			isa = PBXGroup;
			children = (
				17FFF6462A09A65E00E1583B /* AllSportsPresenter.swift */,
			);
			path = presenters;
			sourceTree = "<group>";
		};
		1756C94E2A0ABD1F006844AD /* presenters */ = {
			isa = PBXGroup;
			children = (
				17FFF6442A09A65100E1583B /* FavoritesPresenter.swift */,
			);
			path = presenters;
			sourceTree = "<group>";
		};
		1756C94F2A0ABD23006844AD /* presenters */ = {
			isa = PBXGroup;
			children = (
				17FFF6422A09A63A00E1583B /* AllLeaguesPresenter.swift */,
			);
			path = presenters;
			sourceTree = "<group>";
		};
		1756C9502A0ABD27006844AD /* presenters */ = {
			isa = PBXGroup;
			children = (
				17FFF6402A09A62B00E1583B /* LeagueDetailsPresenter.swift */,
			);
			path = presenters;
			sourceTree = "<group>";
		};
		1756C9512A0ABD2C006844AD /* presenters */ = {
			isa = PBXGroup;
			children = (
				17FFF63E2A09A61E00E1583B /* TeamDetailsPresenter.swift */,
			);
			path = presenters;
			sourceTree = "<group>";
		};
		1756C9522A0ABE58006844AD /* protocols */ = {
			isa = PBXGroup;
			children = (
				17FFF64A2A09AC0F00E1583B /* OnboardingPresenterProtocol.swift */,
				1756C92F2A0A5085006844AD /* OnboardingViewProtocol.swift */,
			);
			path = protocols;
			sourceTree = "<group>";
		};
		1756C9532A0ABE6F006844AD /* protocols */ = {
			isa = PBXGroup;
			children = (
				1772274D2A0C12A000B3556F /* PlayerDetailsViewProtocol.swift */,
				1772274F2A0C12B600B3556F /* PlayerDetailsPresenterProtocol.swift */,
			);
			path = protocols;
			sourceTree = "<group>";
		};
		1756C9542A0ABE7F006844AD /* protocols */ = {
			isa = PBXGroup;
			children = (
				177227452A0C026300B3556F /* TeamDetailsViewProtocol.swift */,
				177227472A0C029500B3556F /* TeamDetailsPresenterProtocol.swift */,
			);
			path = protocols;
			sourceTree = "<group>";
		};
		1756C9552A0ABE86006844AD /* protocols */ = {
			isa = PBXGroup;
			children = (
				1772273A2A0B951B00B3556F /* LeagueDetailsViewProtocol.swift */,
				1772273C2A0B952D00B3556F /* LeagueDetailsPresenterProtocol.swift */,
			);
			path = protocols;
			sourceTree = "<group>";
		};
		1756C9562A0ABE8F006844AD /* protocols */ = {
			isa = PBXGroup;
			children = (
				1756C9622A0AD361006844AD /* AllLeaguesViewProtocol.swift */,
				1756C9642A0AD36B006844AD /* AllLeaguesPresenterProtocol.swift */,
			);
			path = protocols;
			sourceTree = "<group>";
		};
		1756C9572A0ABE98006844AD /* protocols */ = {
			isa = PBXGroup;
			children = (
				177227512A0C187300B3556F /* FavoritesViewProtocol.swift */,
				177227552A0C189300B3556F /* FavoritesPresenterProtocol.swift */,
			);
			path = protocols;
			sourceTree = "<group>";
		};
		1756C9582A0ABE9E006844AD /* protocols */ = {
			isa = PBXGroup;
			children = (
				1756C95E2A0AC406006844AD /* AllSportsViewProtocol.swift */,
				1756C9602A0AC416006844AD /* AllSportsPresenterProtocol.swift */,
			);
			path = protocols;
			sourceTree = "<group>";
		};
		1756C9592A0ABEA4006844AD /* protocols */ = {
			isa = PBXGroup;
			children = (
				1756C95A2A0ABFEF006844AD /* SplashViewProtocol.swift */,
				1756C95C2A0ABFFA006844AD /* SplashPresenterProtocol.swift */,
			);
			path = protocols;
			sourceTree = "<group>";
		};
		177227572A0C20A400B3556F /* resources */ = {
			isa = PBXGroup;
			children = (
				17823C662A002A01009A8ED3 /* Main.storyboard */,
				17823C6E2A002A04009A8ED3 /* LaunchScreen.storyboard */,
				17823C6C2A002A04009A8ED3 /* Assets.xcassets */,
				17823C712A002A04009A8ED3 /* Info.plist */,
			);
			path = resources;
			sourceTree = "<group>";
		};
		177227582A0C20BB00B3556F /* core */ = {
			isa = PBXGroup;
			children = (
				17823C602A002A01009A8ED3 /* AppDelegate.swift */,
				17823C622A002A01009A8ED3 /* SceneDelegate.swift */,
			);
			path = core;
			sourceTree = "<group>";
		};
		1772275E2A0C210800B3556F /* SportOnTests */ = {
			isa = PBXGroup;
			children = (
				174C5DF72A0D04700040A723 /* Tests */,
				174C5DF82A0D04900040A723 /* MockNetworkService methods and data */,
			);
			path = SportOnTests;
			sourceTree = "<group>";
		};
		177227762A0C56E200B3556F /* protocols */ = {
			isa = PBXGroup;
			children = (
				179639852A0423480049ED9A /* DatabaseItem.swift */,
				1772274B2A0C04E400B3556F /* DatabaseManagerProtocol.swift */,
			);
			path = protocols;
			sourceTree = "<group>";
		};
		177227772A0C56EE00B3556F /* models */ = {
			isa = PBXGroup;
			children = (
				179639872A0426650049ED9A /* TeamItemDB.swift */,
				1780E8112A05334500525E60 /* PlayerItemDB.swift */,
			);
			path = models;
			sourceTree = "<group>";
		};
		177227782A0C56FF00B3556F /* protocols */ = {
			isa = PBXGroup;
			children = (
				177227492A0C043200B3556F /* NetworkServiceProtocol.swift */,
			);
			path = protocols;
			sourceTree = "<group>";
		};
		17823C542A002A01009A8ED3 = {
			isa = PBXGroup;
			children = (
				17823C5F2A002A01009A8ED3 /* SportOn */,
				1772275E2A0C210800B3556F /* SportOnTests */,
				17823C5E2A002A01009A8ED3 /* Products */,
				2379AA3738F7BDFFF0B5055E /* Pods */,
				7D4CC10DB16E2B1F919FB279 /* Frameworks */,
			);
			sourceTree = "<group>";
		};
		17823C5E2A002A01009A8ED3 /* Products */ = {
			isa = PBXGroup;
			children = (
				17823C5D2A002A01009A8ED3 /* SportOn.app */,
				1772275D2A0C210800B3556F /* SportOnTests.xctest */,
			);
			name = Products;
			sourceTree = "<group>";
		};
		17823C5F2A002A01009A8ED3 /* SportOn */ = {
			isa = PBXGroup;
			children = (
				17AAAB5C2A04584400B02370 /* util */,
				17A942E22A0197C000A9EF64 /* data */,
				17823C772A002DA6009A8ED3 /* views */,
				177227582A0C20BB00B3556F /* core */,
				177227572A0C20A400B3556F /* resources */,
			);
			path = SportOn;
			sourceTree = "<group>";
		};
		17823C772A002DA6009A8ED3 /* views */ = {
			isa = PBXGroup;
			children = (
				172524BF2A067CDD00D35613 /* onboarding */,
				170FE9AC2A03E36B00ADC277 /* team_details */,
				178E1D312A03E3940049E26B /* player_details */,
				170FE22B2A02AD0700F3D014 /* league_details */,
				17A942D82A017D3A00A9EF64 /* all_leagues */,
				17A942D12A01690900A9EF64 /* favorites */,
				17A942D02A01690300A9EF64 /* all_sports */,
				17823C892A0056AB009A8ED3 /* splash */,
				17B7267F2A123E4F001B7409 /* tabbar */,
			);
			path = views;
			sourceTree = "<group>";
		};
		17823C892A0056AB009A8ED3 /* splash */ = {
			isa = PBXGroup;
			children = (
				1756C9412A0ABCB9006844AD /* models */,
				1756C9492A0ABCFD006844AD /* views */,
				1756C94C2A0ABD18006844AD /* presenters */,
				1756C9592A0ABEA4006844AD /* protocols */,
				177FCAB52A0D8091005D3D23 /* splash_animation.json */,
			);
			path = splash;
			sourceTree = "<group>";
		};
		178E1D312A03E3940049E26B /* player_details */ = {
			isa = PBXGroup;
			children = (
				1756C93B2A0ABC9D006844AD /* models */,
				1756C9432A0ABCE4006844AD /* views */,
				1756C94B2A0ABD14006844AD /* presenters */,
				1756C9532A0ABE6F006844AD /* protocols */,
			);
			path = player_details;
			sourceTree = "<group>";
		};
		17A942D02A01690300A9EF64 /* all_sports */ = {
			isa = PBXGroup;
			children = (
				1756C9402A0ABCB3006844AD /* models */,
				1756C9482A0ABCFA006844AD /* views */,
				1756C94D2A0ABD1B006844AD /* presenters */,
				1756C9582A0ABE9E006844AD /* protocols */,
			);
			path = all_sports;
			sourceTree = "<group>";
		};
		17A942D12A01690900A9EF64 /* favorites */ = {
			isa = PBXGroup;
			children = (
				1756C93F2A0ABCAC006844AD /* models */,
				1756C9472A0ABCF7006844AD /* views */,
				1756C94E2A0ABD1F006844AD /* presenters */,
				1756C9572A0ABE98006844AD /* protocols */,
			);
			path = favorites;
			sourceTree = "<group>";
		};
		17A942D82A017D3A00A9EF64 /* all_leagues */ = {
			isa = PBXGroup;
			children = (
				1756C93E2A0ABCA8006844AD /* models */,
				1756C9462A0ABCF1006844AD /* views */,
				1756C94F2A0ABD23006844AD /* presenters */,
				1756C9562A0ABE8F006844AD /* protocols */,
			);
			path = all_leagues;
			sourceTree = "<group>";
		};
		17A942DE2A01977C00A9EF64 /* local */ = {
			isa = PBXGroup;
			children = (
				17823C692A002A01009A8ED3 /* SportOn.xcdatamodeld */,
				179639832A0414D30049ED9A /* DatabaseManager.swift */,
				177227762A0C56E200B3556F /* protocols */,
				177227772A0C56EE00B3556F /* models */,
			);
			path = local;
			sourceTree = "<group>";
		};
		17A942DF2A01978400A9EF64 /* remote */ = {
			isa = PBXGroup;
			children = (
				17A942E02A0197A400A9EF64 /* NetworkService.swift */,
				177227782A0C56FF00B3556F /* protocols */,
			);
			path = remote;
			sourceTree = "<group>";
		};
		17A942E22A0197C000A9EF64 /* data */ = {
			isa = PBXGroup;
			children = (
				17AAAB532A04539B00B02370 /* models */,
				17A942DF2A01978400A9EF64 /* remote */,
				17A942DE2A01977C00A9EF64 /* local */,
			);
			path = data;
			sourceTree = "<group>";
		};
		17AAAB532A04539B00B02370 /* models */ = {
			isa = PBXGroup;
			children = (
				17AAAB542A0453F800B02370 /* Leagues.swift */,
				17AAAB562A04540400B02370 /* LeagueDetails.swift */,
				17AAAB582A04541200B02370 /* TeamDetails.swift */,
				17AAAB5A2A04542200B02370 /* PlayerDetails.swift */,
			);
			path = models;
			sourceTree = "<group>";
		};
		17AAAB5C2A04584400B02370 /* util */ = {
			isa = PBXGroup;
			children = (
				17AAAB5D2A04585D00B02370 /* Constants.swift */,
				178888B32A0866D50022AE0E /* MyBaseViewController.swift */,
				1756C9662A0AD5C0006844AD /* NetworkConnectivityObserverProtocol.swift */,
				17FFF6342A093BA500E1583B /* LabelGenerator.swift */,
				174C5DF52A0D018C0040A723 /* DateUtility.swift */,
				177FCAB72A0D80A2005D3D23 /* loading.json */,
			);
			path = util;
			sourceTree = "<group>";
		};
		17B7267F2A123E4F001B7409 /* tabbar */ = {
			isa = PBXGroup;
			children = (
				17B726822A123E9D001B7409 /* MyTabBarController.swift */,
			);
			path = tabbar;
			sourceTree = "<group>";
		};
		2379AA3738F7BDFFF0B5055E /* Pods */ = {
			isa = PBXGroup;
			children = (
				A9845B205915F3A9148E338A /* Pods-SportOn.debug.xcconfig */,
				D3C522A4D47DA837F5C84C39 /* Pods-SportOn.release.xcconfig */,
			);
			path = Pods;
			sourceTree = "<group>";
		};
		7D4CC10DB16E2B1F919FB279 /* Frameworks */ = {
			isa = PBXGroup;
			children = (
				F49D13D2DFBB569E2C05AECF /* Pods_SportOn.framework */,
			);
			name = Frameworks;
			sourceTree = "<group>";
		};
/* End PBXGroup section */

/* Begin PBXNativeTarget section */
		1772275C2A0C210800B3556F /* SportOnTests */ = {
			isa = PBXNativeTarget;
			buildConfigurationList = 177227632A0C210800B3556F /* Build configuration list for PBXNativeTarget "SportOnTests" */;
			buildPhases = (
				177227592A0C210800B3556F /* Sources */,
				1772275A2A0C210800B3556F /* Frameworks */,
				1772275B2A0C210800B3556F /* Resources */,
			);
			buildRules = (
			);
			dependencies = (
				177227622A0C210800B3556F /* PBXTargetDependency */,
			);
			name = SportOnTests;
			productName = SportOnTests;
			productReference = 1772275D2A0C210800B3556F /* SportOnTests.xctest */;
			productType = "com.apple.product-type.bundle.unit-test";
		};
		17823C5C2A002A01009A8ED3 /* SportOn */ = {
			isa = PBXNativeTarget;
			buildConfigurationList = 17823C742A002A04009A8ED3 /* Build configuration list for PBXNativeTarget "SportOn" */;
			buildPhases = (
				C7DFBFBBB27A2E3C952B5532 /* [CP] Check Pods Manifest.lock */,
				17823C592A002A01009A8ED3 /* Sources */,
				17823C5A2A002A01009A8ED3 /* Frameworks */,
				17823C5B2A002A01009A8ED3 /* Resources */,
				67815B502CCBB9D5A33C0A3A /* [CP] Embed Pods Frameworks */,
			);
			buildRules = (
			);
			dependencies = (
			);
			name = SportOn;
			packageProductDependencies = (
				17823C912A008971009A8ED3 /* Lottie */,
			);
			productName = SportOn;
			productReference = 17823C5D2A002A01009A8ED3 /* SportOn.app */;
			productType = "com.apple.product-type.application";
		};
/* End PBXNativeTarget section */

/* Begin PBXProject section */
		17823C552A002A01009A8ED3 /* Project object */ = {
			isa = PBXProject;
			attributes = {
				BuildIndependentTargetsInParallel = 1;
				LastSwiftUpdateCheck = 1420;
				LastUpgradeCheck = 1420;
				TargetAttributes = {
					1772275C2A0C210800B3556F = {
						CreatedOnToolsVersion = 14.2;
						TestTargetID = 17823C5C2A002A01009A8ED3;
					};
					17823C5C2A002A01009A8ED3 = {
						CreatedOnToolsVersion = 14.2;
					};
				};
			};
			buildConfigurationList = 17823C582A002A01009A8ED3 /* Build configuration list for PBXProject "SportOn" */;
			compatibilityVersion = "Xcode 14.0";
			developmentRegion = en;
			hasScannedForEncodings = 0;
			knownRegions = (
				en,
				Base,
			);
			mainGroup = 17823C542A002A01009A8ED3;
			packageReferences = (
				17823C902A008971009A8ED3 /* XCRemoteSwiftPackageReference "lottie-ios" */,
			);
			productRefGroup = 17823C5E2A002A01009A8ED3 /* Products */;
			projectDirPath = "";
			projectRoot = "";
			targets = (
				17823C5C2A002A01009A8ED3 /* SportOn */,
				1772275C2A0C210800B3556F /* SportOnTests */,
			);
		};
/* End PBXProject section */

/* Begin PBXResourcesBuildPhase section */
		1772275B2A0C210800B3556F /* Resources */ = {
			isa = PBXResourcesBuildPhase;
			buildActionMask = 2147483647;
			files = (
			);
			runOnlyForDeploymentPostprocessing = 0;
		};
		17823C5B2A002A01009A8ED3 /* Resources */ = {
			isa = PBXResourcesBuildPhase;
			buildActionMask = 2147483647;
			files = (
				17823C702A002A04009A8ED3 /* LaunchScreen.storyboard in Resources */,
				177FCAB62A0D8091005D3D23 /* splash_animation.json in Resources */,
				17823C6D2A002A04009A8ED3 /* Assets.xcassets in Resources */,
				17823C682A002A01009A8ED3 /* Main.storyboard in Resources */,
				177FCAB82A0D80A2005D3D23 /* loading.json in Resources */,
			);
			runOnlyForDeploymentPostprocessing = 0;
		};
/* End PBXResourcesBuildPhase section */

/* Begin PBXShellScriptBuildPhase section */
		67815B502CCBB9D5A33C0A3A /* [CP] Embed Pods Frameworks */ = {
			isa = PBXShellScriptBuildPhase;
			buildActionMask = 2147483647;
			files = (
			);
			inputFileListPaths = (
				"${PODS_ROOT}/Target Support Files/Pods-SportOn/Pods-SportOn-frameworks-${CONFIGURATION}-input-files.xcfilelist",
			);
			name = "[CP] Embed Pods Frameworks";
			outputFileListPaths = (
				"${PODS_ROOT}/Target Support Files/Pods-SportOn/Pods-SportOn-frameworks-${CONFIGURATION}-output-files.xcfilelist",
			);
			runOnlyForDeploymentPostprocessing = 0;
			shellPath = /bin/sh;
			shellScript = "\"${PODS_ROOT}/Target Support Files/Pods-SportOn/Pods-SportOn-frameworks.sh\"\n";
			showEnvVarsInLog = 0;
		};
		C7DFBFBBB27A2E3C952B5532 /* [CP] Check Pods Manifest.lock */ = {
			isa = PBXShellScriptBuildPhase;
			buildActionMask = 2147483647;
			files = (
			);
			inputFileListPaths = (
			);
			inputPaths = (
				"${PODS_PODFILE_DIR_PATH}/Podfile.lock",
				"${PODS_ROOT}/Manifest.lock",
			);
			name = "[CP] Check Pods Manifest.lock";
			outputFileListPaths = (
			);
			outputPaths = (
				"$(DERIVED_FILE_DIR)/Pods-SportOn-checkManifestLockResult.txt",
			);
			runOnlyForDeploymentPostprocessing = 0;
			shellPath = /bin/sh;
			shellScript = "diff \"${PODS_PODFILE_DIR_PATH}/Podfile.lock\" \"${PODS_ROOT}/Manifest.lock\" > /dev/null\nif [ $? != 0 ] ; then\n    # print error to STDERR\n    echo \"error: The sandbox is not in sync with the Podfile.lock. Run 'pod install' or update your CocoaPods installation.\" >&2\n    exit 1\nfi\n# This output is used by Xcode 'outputs' to avoid re-running this script phase.\necho \"SUCCESS\" > \"${SCRIPT_OUTPUT_FILE_0}\"\n";
			showEnvVarsInLog = 0;
		};
/* End PBXShellScriptBuildPhase section */

/* Begin PBXSourcesBuildPhase section */
		177227592A0C210800B3556F /* Sources */ = {
			isa = PBXSourcesBuildPhase;
			buildActionMask = 2147483647;
			files = (
				1772276D2A0C324600B3556F /* MockNetworkServiceData.swift in Sources */,
				177227712A0C432000B3556F /* MockNetworkServiceMethods.swift in Sources */,
				174C5DFA2A0D04C20040A723 /* DateUtilityTest.swift in Sources */,
				177227752A0C566E00B3556F /* NetworkServiceTest.swift in Sources */,
				177227672A0C214A00B3556F /* MockNetworkServiceTest.swift in Sources */,
			);
			runOnlyForDeploymentPostprocessing = 0;
		};
		17823C592A002A01009A8ED3 /* Sources */ = {
			isa = PBXSourcesBuildPhase;
			buildActionMask = 2147483647;
			files = (
				17FFF63D2A09A61100E1583B /* PlayerDetailsPresenter.swift in Sources */,
				17A942E12A0197A400A9EF64 /* NetworkService.swift in Sources */,
				17FFF6452A09A65100E1583B /* FavoritesPresenter.swift in Sources */,
				1756C9632A0AD361006844AD /* AllLeaguesViewProtocol.swift in Sources */,
				170FE22F2A02B11C00F3D014 /* LeagueDetailsUpcomingCollectionViewCell.swift in Sources */,
				178F6BD22A067D230028AF53 /* OnboardingItem.swift in Sources */,
				177227522A0C187300B3556F /* FavoritesViewProtocol.swift in Sources */,
				17823C652A002A01009A8ED3 /* SplashViewController.swift in Sources */,
				17A942D72A01767600A9EF64 /* SportItem.swift in Sources */,
				17B726832A123E9D001B7409 /* MyTabBarController.swift in Sources */,
				1756C95F2A0AC406006844AD /* AllSportsViewProtocol.swift in Sources */,
				17FFF6472A09A65E00E1583B /* AllSportsPresenter.swift in Sources */,
				17A942DC2A0195EE00A9EF64 /* LeaguesTableViewCell.swift in Sources */,
				178E1D352A03E3B20049E26B /* PlayerDetailsViewController.swift in Sources */,
				177227502A0C12B600B3556F /* PlayerDetailsPresenterProtocol.swift in Sources */,
				17823C6B2A002A01009A8ED3 /* SportOn.xcdatamodeld in Sources */,
				17AAAB5E2A04585D00B02370 /* Constants.swift in Sources */,
				17FFF63F2A09A61E00E1583B /* TeamDetailsPresenter.swift in Sources */,
				17FFF6432A09A63A00E1583B /* AllLeaguesPresenter.swift in Sources */,
				179639802A03EA1C0049ED9A /* TeamPlayerTableViewCell.swift in Sources */,
				177227462A0C026300B3556F /* TeamDetailsViewProtocol.swift in Sources */,
				1756C9652A0AD36B006844AD /* AllLeaguesPresenterProtocol.swift in Sources */,
				177227392A0B8F5200B3556F /* OnboardingImage.swift in Sources */,
				1756C95B2A0ABFEF006844AD /* SplashViewProtocol.swift in Sources */,
				17A942CF2A0168A700A9EF64 /* AllSportsViewController.swift in Sources */,
				1772274C2A0C04E400B3556F /* DatabaseManagerProtocol.swift in Sources */,
				170FE2332A02B13800F3D014 /* LeagueDetailsTeamsOrPlayersCollectionViewCell.swift in Sources */,
				177227562A0C189300B3556F /* FavoritesPresenterProtocol.swift in Sources */,
				177227482A0C029500B3556F /* TeamDetailsPresenterProtocol.swift in Sources */,
				17823C612A002A01009A8ED3 /* AppDelegate.swift in Sources */,
				1756C9302A0A5085006844AD /* OnboardingViewProtocol.swift in Sources */,
				178E1D332A03E3AA0049E26B /* TeamDetailsViewController.swift in Sources */,
				177227372A0B8C6500B3556F /* SportImage.swift in Sources */,
				178F6BD02A067D230028AF53 /* OnboardingViewController.swift in Sources */,
				1780E8142A054DD100525E60 /* FavoritesTableViewCell.swift in Sources */,
				1772273D2A0B952D00B3556F /* LeagueDetailsPresenterProtocol.swift in Sources */,
				178888B42A0866D50022AE0E /* MyBaseViewController.swift in Sources */,
				1772273B2A0B951B00B3556F /* LeagueDetailsViewProtocol.swift in Sources */,
				1756C9612A0AC416006844AD /* AllSportsPresenterProtocol.swift in Sources */,
				17AAAB552A0453F800B02370 /* Leagues.swift in Sources */,
				17FFF6352A093BA500E1583B /* LabelGenerator.swift in Sources */,
				170FE2312A02B12C00F3D014 /* LeagueDetailsLatestResultsCollectionViewCell.swift in Sources */,
				178F6BD12A067D230028AF53 /* OnboardingCollectionViewCell.swift in Sources */,
				17A942D52A01696700A9EF64 /* SportsCollectionViewCell.swift in Sources */,
				17AAAB5B2A04542200B02370 /* PlayerDetails.swift in Sources */,
				17AAAB572A04540400B02370 /* LeagueDetails.swift in Sources */,
				179639842A0414D30049ED9A /* DatabaseManager.swift in Sources */,
				17FFF6412A09A62B00E1583B /* LeagueDetailsPresenter.swift in Sources */,
				17A942D32A01691C00A9EF64 /* FavoritesViewController.swift in Sources */,
				179639862A0423480049ED9A /* DatabaseItem.swift in Sources */,
				17FFF6492A09A6DB00E1583B /* SplashPresenter.swift in Sources */,
				17FFF63B2A099DC400E1583B /* OnboardingPresenter.swift in Sources */,
				1756C9672A0AD5C0006844AD /* NetworkConnectivityObserverProtocol.swift in Sources */,
				174C5DF62A0D018C0040A723 /* DateUtility.swift in Sources */,
				17FFF64B2A09AC0F00E1583B /* OnboardingPresenterProtocol.swift in Sources */,
				17823C632A002A01009A8ED3 /* SceneDelegate.swift in Sources */,
				1772274E2A0C12A000B3556F /* PlayerDetailsViewProtocol.swift in Sources */,
				1772274A2A0C043200B3556F /* NetworkServiceProtocol.swift in Sources */,
				17AAAB592A04541200B02370 /* TeamDetails.swift in Sources */,
				179639882A0426650049ED9A /* TeamItemDB.swift in Sources */,
				170FE22D2A02AD2F00F3D014 /* LeagueDetailsViewController.swift in Sources */,
				17A942DA2A017D4B00A9EF64 /* AllLeaguesViewController.swift in Sources */,
				1756C95D2A0ABFFA006844AD /* SplashPresenterProtocol.swift in Sources */,
				1780E8122A05334500525E60 /* PlayerItemDB.swift in Sources */,
			);
			runOnlyForDeploymentPostprocessing = 0;
		};
/* End PBXSourcesBuildPhase section */

/* Begin PBXTargetDependency section */
		177227622A0C210800B3556F /* PBXTargetDependency */ = {
			isa = PBXTargetDependency;
			target = 17823C5C2A002A01009A8ED3 /* SportOn */;
			targetProxy = 177227612A0C210800B3556F /* PBXContainerItemProxy */;
		};
/* End PBXTargetDependency section */

/* Begin PBXVariantGroup section */
		17823C662A002A01009A8ED3 /* Main.storyboard */ = {
			isa = PBXVariantGroup;
			children = (
				17823C672A002A01009A8ED3 /* Base */,
			);
			name = Main.storyboard;
			sourceTree = "<group>";
		};
		17823C6E2A002A04009A8ED3 /* LaunchScreen.storyboard */ = {
			isa = PBXVariantGroup;
			children = (
				17823C6F2A002A04009A8ED3 /* Base */,
			);
			name = LaunchScreen.storyboard;
			sourceTree = "<group>";
		};
/* End PBXVariantGroup section */

/* Begin XCBuildConfiguration section */
		177227642A0C210800B3556F /* Debug */ = {
			isa = XCBuildConfiguration;
			buildSettings = {
				BUNDLE_LOADER = "$(TEST_HOST)";
				CODE_SIGN_STYLE = Automatic;
				CURRENT_PROJECT_VERSION = 1;
				DEVELOPMENT_TEAM = CV64V222GG;
				GENERATE_INFOPLIST_FILE = YES;
				IPHONEOS_DEPLOYMENT_TARGET = 16.2;
				MACOSX_DEPLOYMENT_TARGET = 13.1;
				MARKETING_VERSION = 1.0;
				PRODUCT_BUNDLE_IDENTIFIER = com.SportOnTests;
				PRODUCT_NAME = "$(TARGET_NAME)";
				SDKROOT = auto;
				SUPPORTED_PLATFORMS = "iphoneos iphonesimulator macosx";
				SWIFT_EMIT_LOC_STRINGS = NO;
				SWIFT_VERSION = 5.0;
				TARGETED_DEVICE_FAMILY = "1,2";
				TEST_HOST = "$(BUILT_PRODUCTS_DIR)/SportOn.app/$(BUNDLE_EXECUTABLE_FOLDER_PATH)/SportOn";
			};
			name = Debug;
		};
		177227652A0C210800B3556F /* Release */ = {
			isa = XCBuildConfiguration;
			buildSettings = {
				BUNDLE_LOADER = "$(TEST_HOST)";
				CODE_SIGN_STYLE = Automatic;
				CURRENT_PROJECT_VERSION = 1;
				DEVELOPMENT_TEAM = CV64V222GG;
				GENERATE_INFOPLIST_FILE = YES;
				IPHONEOS_DEPLOYMENT_TARGET = 16.2;
				MACOSX_DEPLOYMENT_TARGET = 13.1;
				MARKETING_VERSION = 1.0;
				PRODUCT_BUNDLE_IDENTIFIER = com.SportOnTests;
				PRODUCT_NAME = "$(TARGET_NAME)";
				SDKROOT = auto;
				SUPPORTED_PLATFORMS = "iphoneos iphonesimulator macosx";
				SWIFT_EMIT_LOC_STRINGS = NO;
				SWIFT_VERSION = 5.0;
				TARGETED_DEVICE_FAMILY = "1,2";
				TEST_HOST = "$(BUILT_PRODUCTS_DIR)/SportOn.app/$(BUNDLE_EXECUTABLE_FOLDER_PATH)/SportOn";
			};
			name = Release;
		};
		17823C722A002A04009A8ED3 /* Debug */ = {
			isa = XCBuildConfiguration;
			buildSettings = {
				ALWAYS_SEARCH_USER_PATHS = NO;
				CLANG_ANALYZER_NONNULL = YES;
				CLANG_ANALYZER_NUMBER_OBJECT_CONVERSION = YES_AGGRESSIVE;
				CLANG_CXX_LANGUAGE_STANDARD = "gnu++20";
				CLANG_ENABLE_MODULES = YES;
				CLANG_ENABLE_OBJC_ARC = YES;
				CLANG_ENABLE_OBJC_WEAK = YES;
				CLANG_WARN_BLOCK_CAPTURE_AUTORELEASING = YES;
				CLANG_WARN_BOOL_CONVERSION = YES;
				CLANG_WARN_COMMA = YES;
				CLANG_WARN_CONSTANT_CONVERSION = YES;
				CLANG_WARN_DEPRECATED_OBJC_IMPLEMENTATIONS = YES;
				CLANG_WARN_DIRECT_OBJC_ISA_USAGE = YES_ERROR;
				CLANG_WARN_DOCUMENTATION_COMMENTS = YES;
				CLANG_WARN_EMPTY_BODY = YES;
				CLANG_WARN_ENUM_CONVERSION = YES;
				CLANG_WARN_INFINITE_RECURSION = YES;
				CLANG_WARN_INT_CONVERSION = YES;
				CLANG_WARN_NON_LITERAL_NULL_CONVERSION = YES;
				CLANG_WARN_OBJC_IMPLICIT_RETAIN_SELF = YES;
				CLANG_WARN_OBJC_LITERAL_CONVERSION = YES;
				CLANG_WARN_OBJC_ROOT_CLASS = YES_ERROR;
				CLANG_WARN_QUOTED_INCLUDE_IN_FRAMEWORK_HEADER = YES;
				CLANG_WARN_RANGE_LOOP_ANALYSIS = YES;
				CLANG_WARN_STRICT_PROTOTYPES = YES;
				CLANG_WARN_SUSPICIOUS_MOVE = YES;
				CLANG_WARN_UNGUARDED_AVAILABILITY = YES_AGGRESSIVE;
				CLANG_WARN_UNREACHABLE_CODE = YES;
				CLANG_WARN__DUPLICATE_METHOD_MATCH = YES;
				COPY_PHASE_STRIP = NO;
				DEBUG_INFORMATION_FORMAT = dwarf;
				ENABLE_STRICT_OBJC_MSGSEND = YES;
				ENABLE_TESTABILITY = YES;
				GCC_C_LANGUAGE_STANDARD = gnu11;
				GCC_DYNAMIC_NO_PIC = NO;
				GCC_NO_COMMON_BLOCKS = YES;
				GCC_OPTIMIZATION_LEVEL = 0;
				GCC_PREPROCESSOR_DEFINITIONS = (
					"DEBUG=1",
					"$(inherited)",
				);
				GCC_WARN_64_TO_32_BIT_CONVERSION = YES;
				GCC_WARN_ABOUT_RETURN_TYPE = YES_ERROR;
				GCC_WARN_UNDECLARED_SELECTOR = YES;
				GCC_WARN_UNINITIALIZED_AUTOS = YES_AGGRESSIVE;
				GCC_WARN_UNUSED_FUNCTION = YES;
				GCC_WARN_UNUSED_VARIABLE = YES;
				IPHONEOS_DEPLOYMENT_TARGET = 16.2;
				MTL_ENABLE_DEBUG_INFO = INCLUDE_SOURCE;
				MTL_FAST_MATH = YES;
				ONLY_ACTIVE_ARCH = YES;
				SDKROOT = iphoneos;
				SWIFT_ACTIVE_COMPILATION_CONDITIONS = DEBUG;
				SWIFT_OPTIMIZATION_LEVEL = "-Onone";
			};
			name = Debug;
		};
		17823C732A002A04009A8ED3 /* Release */ = {
			isa = XCBuildConfiguration;
			buildSettings = {
				ALWAYS_SEARCH_USER_PATHS = NO;
				CLANG_ANALYZER_NONNULL = YES;
				CLANG_ANALYZER_NUMBER_OBJECT_CONVERSION = YES_AGGRESSIVE;
				CLANG_CXX_LANGUAGE_STANDARD = "gnu++20";
				CLANG_ENABLE_MODULES = YES;
				CLANG_ENABLE_OBJC_ARC = YES;
				CLANG_ENABLE_OBJC_WEAK = YES;
				CLANG_WARN_BLOCK_CAPTURE_AUTORELEASING = YES;
				CLANG_WARN_BOOL_CONVERSION = YES;
				CLANG_WARN_COMMA = YES;
				CLANG_WARN_CONSTANT_CONVERSION = YES;
				CLANG_WARN_DEPRECATED_OBJC_IMPLEMENTATIONS = YES;
				CLANG_WARN_DIRECT_OBJC_ISA_USAGE = YES_ERROR;
				CLANG_WARN_DOCUMENTATION_COMMENTS = YES;
				CLANG_WARN_EMPTY_BODY = YES;
				CLANG_WARN_ENUM_CONVERSION = YES;
				CLANG_WARN_INFINITE_RECURSION = YES;
				CLANG_WARN_INT_CONVERSION = YES;
				CLANG_WARN_NON_LITERAL_NULL_CONVERSION = YES;
				CLANG_WARN_OBJC_IMPLICIT_RETAIN_SELF = YES;
				CLANG_WARN_OBJC_LITERAL_CONVERSION = YES;
				CLANG_WARN_OBJC_ROOT_CLASS = YES_ERROR;
				CLANG_WARN_QUOTED_INCLUDE_IN_FRAMEWORK_HEADER = YES;
				CLANG_WARN_RANGE_LOOP_ANALYSIS = YES;
				CLANG_WARN_STRICT_PROTOTYPES = YES;
				CLANG_WARN_SUSPICIOUS_MOVE = YES;
				CLANG_WARN_UNGUARDED_AVAILABILITY = YES_AGGRESSIVE;
				CLANG_WARN_UNREACHABLE_CODE = YES;
				CLANG_WARN__DUPLICATE_METHOD_MATCH = YES;
				COPY_PHASE_STRIP = NO;
				DEBUG_INFORMATION_FORMAT = "dwarf-with-dsym";
				ENABLE_NS_ASSERTIONS = NO;
				ENABLE_STRICT_OBJC_MSGSEND = YES;
				GCC_C_LANGUAGE_STANDARD = gnu11;
				GCC_NO_COMMON_BLOCKS = YES;
				GCC_WARN_64_TO_32_BIT_CONVERSION = YES;
				GCC_WARN_ABOUT_RETURN_TYPE = YES_ERROR;
				GCC_WARN_UNDECLARED_SELECTOR = YES;
				GCC_WARN_UNINITIALIZED_AUTOS = YES_AGGRESSIVE;
				GCC_WARN_UNUSED_FUNCTION = YES;
				GCC_WARN_UNUSED_VARIABLE = YES;
				IPHONEOS_DEPLOYMENT_TARGET = 16.2;
				MTL_ENABLE_DEBUG_INFO = NO;
				MTL_FAST_MATH = YES;
				SDKROOT = iphoneos;
				SWIFT_COMPILATION_MODE = wholemodule;
				SWIFT_OPTIMIZATION_LEVEL = "-O";
				VALIDATE_PRODUCT = YES;
			};
			name = Release;
		};
		17823C752A002A04009A8ED3 /* Debug */ = {
			isa = XCBuildConfiguration;
			baseConfigurationReference = A9845B205915F3A9148E338A /* Pods-SportOn.debug.xcconfig */;
			buildSettings = {
				ASSETCATALOG_COMPILER_APPICON_NAME = AppIcon;
				ASSETCATALOG_COMPILER_GLOBAL_ACCENT_COLOR_NAME = AccentColor;
				CODE_SIGN_STYLE = Automatic;
				CURRENT_PROJECT_VERSION = 1;
				DEVELOPMENT_TEAM = CV64V222GG;
				GENERATE_INFOPLIST_FILE = YES;
				INFOPLIST_FILE = SportOn/resources/Info.plist;
				INFOPLIST_KEY_UIApplicationSupportsIndirectInputEvents = YES;
				INFOPLIST_KEY_UILaunchStoryboardName = LaunchScreen;
				INFOPLIST_KEY_UIMainStoryboardFile = Main;
				INFOPLIST_KEY_UISupportedInterfaceOrientations_iPad = "UIInterfaceOrientationPortrait UIInterfaceOrientationPortraitUpsideDown UIInterfaceOrientationLandscapeLeft UIInterfaceOrientationLandscapeRight";
				INFOPLIST_KEY_UISupportedInterfaceOrientations_iPhone = "UIInterfaceOrientationPortrait UIInterfaceOrientationLandscapeLeft UIInterfaceOrientationLandscapeRight";
				IPHONEOS_DEPLOYMENT_TARGET = 15.5;
				LD_RUNPATH_SEARCH_PATHS = (
					"$(inherited)",
					"@executable_path/Frameworks",
				);
				MARKETING_VERSION = 1.0;
				PRODUCT_BUNDLE_IDENTIFIER = com.SportOnOn;
				PRODUCT_NAME = "$(TARGET_NAME)";
				SWIFT_EMIT_LOC_STRINGS = YES;
				SWIFT_VERSION = 5.0;
				TARGETED_DEVICE_FAMILY = "1,2";
			};
			name = Debug;
		};
		17823C762A002A04009A8ED3 /* Release */ = {
			isa = XCBuildConfiguration;
			baseConfigurationReference = D3C522A4D47DA837F5C84C39 /* Pods-SportOn.release.xcconfig */;
			buildSettings = {
				ASSETCATALOG_COMPILER_APPICON_NAME = AppIcon;
				ASSETCATALOG_COMPILER_GLOBAL_ACCENT_COLOR_NAME = AccentColor;
				CODE_SIGN_STYLE = Automatic;
				CURRENT_PROJECT_VERSION = 1;
				DEVELOPMENT_TEAM = CV64V222GG;
				GENERATE_INFOPLIST_FILE = YES;
				INFOPLIST_FILE = SportOn/resources/Info.plist;
				INFOPLIST_KEY_UIApplicationSupportsIndirectInputEvents = YES;
				INFOPLIST_KEY_UILaunchStoryboardName = LaunchScreen;
				INFOPLIST_KEY_UIMainStoryboardFile = Main;
				INFOPLIST_KEY_UISupportedInterfaceOrientations_iPad = "UIInterfaceOrientationPortrait UIInterfaceOrientationPortraitUpsideDown UIInterfaceOrientationLandscapeLeft UIInterfaceOrientationLandscapeRight";
				INFOPLIST_KEY_UISupportedInterfaceOrientations_iPhone = "UIInterfaceOrientationPortrait UIInterfaceOrientationLandscapeLeft UIInterfaceOrientationLandscapeRight";
				IPHONEOS_DEPLOYMENT_TARGET = 15.5;
				LD_RUNPATH_SEARCH_PATHS = (
					"$(inherited)",
					"@executable_path/Frameworks",
				);
				MARKETING_VERSION = 1.0;
				PRODUCT_BUNDLE_IDENTIFIER = com.SportOnOn;
				PRODUCT_NAME = "$(TARGET_NAME)";
				SWIFT_EMIT_LOC_STRINGS = YES;
				SWIFT_VERSION = 5.0;
				TARGETED_DEVICE_FAMILY = "1,2";
			};
			name = Release;
		};
/* End XCBuildConfiguration section */

/* Begin XCConfigurationList section */
		177227632A0C210800B3556F /* Build configuration list for PBXNativeTarget "SportOnTests" */ = {
			isa = XCConfigurationList;
			buildConfigurations = (
				177227642A0C210800B3556F /* Debug */,
				177227652A0C210800B3556F /* Release */,
			);
			defaultConfigurationIsVisible = 0;
			defaultConfigurationName = Release;
		};
		17823C582A002A01009A8ED3 /* Build configuration list for PBXProject "SportOn" */ = {
			isa = XCConfigurationList;
			buildConfigurations = (
				17823C722A002A04009A8ED3 /* Debug */,
				17823C732A002A04009A8ED3 /* Release */,
			);
			defaultConfigurationIsVisible = 0;
			defaultConfigurationName = Release;
		};
		17823C742A002A04009A8ED3 /* Build configuration list for PBXNativeTarget "SportOn" */ = {
			isa = XCConfigurationList;
			buildConfigurations = (
				17823C752A002A04009A8ED3 /* Debug */,
				17823C762A002A04009A8ED3 /* Release */,
			);
			defaultConfigurationIsVisible = 0;
			defaultConfigurationName = Release;
		};
/* End XCConfigurationList section */

/* Begin XCRemoteSwiftPackageReference section */
		17823C902A008971009A8ED3 /* XCRemoteSwiftPackageReference "lottie-ios" */ = {
			isa = XCRemoteSwiftPackageReference;
			repositoryURL = "https://github.com/airbnb/lottie-ios";
			requirement = {
				kind = upToNextMajorVersion;
				minimumVersion = 4.0.0;
			};
		};
/* End XCRemoteSwiftPackageReference section */

/* Begin XCSwiftPackageProductDependency section */
		17823C912A008971009A8ED3 /* Lottie */ = {
			isa = XCSwiftPackageProductDependency;
			package = 17823C902A008971009A8ED3 /* XCRemoteSwiftPackageReference "lottie-ios" */;
			productName = Lottie;
		};
/* End XCSwiftPackageProductDependency section */

/* Begin XCVersionGroup section */
		17823C692A002A01009A8ED3 /* SportOn.xcdatamodeld */ = {
			isa = XCVersionGroup;
			children = (
				17823C6A2A002A01009A8ED3 /* SportOn.xcdatamodel */,
			);
			currentVersion = 17823C6A2A002A01009A8ED3 /* SportOn.xcdatamodel */;
			path = SportOn.xcdatamodeld;
			sourceTree = "<group>";
			versionGroupType = wrapper.xcdatamodel;
		};
/* End XCVersionGroup section */
	};
	rootObject = 17823C552A002A01009A8ED3 /* Project object */;
}
