// !$*UTF8*$!
{
	archiveVersion = 1;
	classes = {
	};
	objectVersion = 56;
	objects = {

/* Begin PBXBuildFile section */
		0ADC0F039BD27B4D73771171 /* Pods_SportOn.framework in Frameworks */ = {isa = PBXBuildFile; fileRef = F49D13D2DFBB569E2C05AECF /* Pods_SportOn.framework */; };
		170FE22A2A02AB8A00F3D014 /* ResultLeagueDetailsUpcoming.swift in Sources */ = {isa = PBXBuildFile; fileRef = 170FE2292A02AB8A00F3D014 /* ResultLeagueDetailsUpcoming.swift */; };
		170FE22D2A02AD2F00F3D014 /* LeagueDetailsViewController.swift in Sources */ = {isa = PBXBuildFile; fileRef = 170FE22C2A02AD2F00F3D014 /* LeagueDetailsViewController.swift */; };
		170FE22F2A02B11C00F3D014 /* LeagueDetailsUpcomingCollectionViewCell.swift in Sources */ = {isa = PBXBuildFile; fileRef = 170FE22E2A02B11C00F3D014 /* LeagueDetailsUpcomingCollectionViewCell.swift */; };
		170FE2312A02B12C00F3D014 /* LeagueDetailsLatestResultsCollectionViewCell.swift in Sources */ = {isa = PBXBuildFile; fileRef = 170FE2302A02B12C00F3D014 /* LeagueDetailsLatestResultsCollectionViewCell.swift */; };
		170FE2332A02B13800F3D014 /* LeagueDetailsTeamsOrPlayersCollectionViewCell.swift in Sources */ = {isa = PBXBuildFile; fileRef = 170FE2322A02B13800F3D014 /* LeagueDetailsTeamsOrPlayersCollectionViewCell.swift */; };
		170FE2352A02C28500F3D014 /* ResultLeagueLatest.swift in Sources */ = {isa = PBXBuildFile; fileRef = 170FE2342A02C28500F3D014 /* ResultLeagueLatest.swift */; };
		170FE2372A02CC8C00F3D014 /* ResultLeagueTeams.swift in Sources */ = {isa = PBXBuildFile; fileRef = 170FE2362A02CC8C00F3D014 /* ResultLeagueTeams.swift */; };
		170FE2392A02D82700F3D014 /* ResultTeamDetails.swift in Sources */ = {isa = PBXBuildFile; fileRef = 170FE2382A02D82700F3D014 /* ResultTeamDetails.swift */; };
		170FE9A52A03B69400ADC277 /* ResultLeagueDetailsUpcomingTennis.swift in Sources */ = {isa = PBXBuildFile; fileRef = 170FE9A42A03B69400ADC277 /* ResultLeagueDetailsUpcomingTennis.swift */; };
		170FE9A72A03B6AA00ADC277 /* ResultLeagueDetailsLatestTennis.swift in Sources */ = {isa = PBXBuildFile; fileRef = 170FE9A62A03B6AA00ADC277 /* ResultLeagueDetailsLatestTennis.swift */; };
		170FE9A92A03B6BD00ADC277 /* ResultLeaguePlayersTennis.swift in Sources */ = {isa = PBXBuildFile; fileRef = 170FE9A82A03B6BD00ADC277 /* ResultLeaguePlayersTennis.swift */; };
		170FE9AB2A03B6D300ADC277 /* ResultPlayerDetailsTennis.swift in Sources */ = {isa = PBXBuildFile; fileRef = 170FE9AA2A03B6D300ADC277 /* ResultPlayerDetailsTennis.swift */; };
		17823C612A002A01009A8ED3 /* AppDelegate.swift in Sources */ = {isa = PBXBuildFile; fileRef = 17823C602A002A01009A8ED3 /* AppDelegate.swift */; };
		17823C632A002A01009A8ED3 /* SceneDelegate.swift in Sources */ = {isa = PBXBuildFile; fileRef = 17823C622A002A01009A8ED3 /* SceneDelegate.swift */; };
		17823C652A002A01009A8ED3 /* SplashViewController.swift in Sources */ = {isa = PBXBuildFile; fileRef = 17823C642A002A01009A8ED3 /* SplashViewController.swift */; };
		17823C682A002A01009A8ED3 /* Main.storyboard in Resources */ = {isa = PBXBuildFile; fileRef = 17823C662A002A01009A8ED3 /* Main.storyboard */; };
		17823C6B2A002A01009A8ED3 /* SportOn.xcdatamodeld in Sources */ = {isa = PBXBuildFile; fileRef = 17823C692A002A01009A8ED3 /* SportOn.xcdatamodeld */; };
		17823C6D2A002A04009A8ED3 /* Assets.xcassets in Resources */ = {isa = PBXBuildFile; fileRef = 17823C6C2A002A04009A8ED3 /* Assets.xcassets */; };
		17823C702A002A04009A8ED3 /* LaunchScreen.storyboard in Resources */ = {isa = PBXBuildFile; fileRef = 17823C6E2A002A04009A8ED3 /* LaunchScreen.storyboard */; };
		17823C922A008971009A8ED3 /* Lottie in Frameworks */ = {isa = PBXBuildFile; productRef = 17823C912A008971009A8ED3 /* Lottie */; };
		178E1D332A03E3AA0049E26B /* TeamViewController.swift in Sources */ = {isa = PBXBuildFile; fileRef = 178E1D322A03E3AA0049E26B /* TeamViewController.swift */; };
		178E1D352A03E3B20049E26B /* PlayerViewController.swift in Sources */ = {isa = PBXBuildFile; fileRef = 178E1D342A03E3B20049E26B /* PlayerViewController.swift */; };
		179639802A03EA1C0049ED9A /* TeamPlayerTableViewCell.swift in Sources */ = {isa = PBXBuildFile; fileRef = 1796397F2A03EA1C0049ED9A /* TeamPlayerTableViewCell.swift */; };
		17A530CB2A011E2D00FF054A /* splash_animation.json in Resources */ = {isa = PBXBuildFile; fileRef = 17A530CA2A011E2D00FF054A /* splash_animation.json */; };
		17A942CF2A0168A700A9EF64 /* SportsViewController.swift in Sources */ = {isa = PBXBuildFile; fileRef = 17A942CE2A0168A700A9EF64 /* SportsViewController.swift */; };
		17A942D32A01691C00A9EF64 /* FavoritesViewController.swift in Sources */ = {isa = PBXBuildFile; fileRef = 17A942D22A01691C00A9EF64 /* FavoritesViewController.swift */; };
		17A942D52A01696700A9EF64 /* SportsCollectionViewCell.swift in Sources */ = {isa = PBXBuildFile; fileRef = 17A942D42A01696700A9EF64 /* SportsCollectionViewCell.swift */; };
		17A942D72A01767600A9EF64 /* SportItem.swift in Sources */ = {isa = PBXBuildFile; fileRef = 17A942D62A01767600A9EF64 /* SportItem.swift */; };
		17A942DA2A017D4B00A9EF64 /* LeaguesViewController.swift in Sources */ = {isa = PBXBuildFile; fileRef = 17A942D92A017D4B00A9EF64 /* LeaguesViewController.swift */; };
		17A942DC2A0195EE00A9EF64 /* LeaguesTableViewCell.swift in Sources */ = {isa = PBXBuildFile; fileRef = 17A942DB2A0195EE00A9EF64 /* LeaguesTableViewCell.swift */; };
		17A942E12A0197A400A9EF64 /* NetworkService.swift in Sources */ = {isa = PBXBuildFile; fileRef = 17A942E02A0197A400A9EF64 /* NetworkService.swift */; };
		17A942E42A01999400A9EF64 /* ResultLeagues.swift in Sources */ = {isa = PBXBuildFile; fileRef = 17A942E32A01999400A9EF64 /* ResultLeagues.swift */; };
/* End PBXBuildFile section */

/* Begin PBXFileReference section */
		170FE2292A02AB8A00F3D014 /* ResultLeagueDetailsUpcoming.swift */ = {isa = PBXFileReference; lastKnownFileType = sourcecode.swift; path = ResultLeagueDetailsUpcoming.swift; sourceTree = "<group>"; };
		170FE22C2A02AD2F00F3D014 /* LeagueDetailsViewController.swift */ = {isa = PBXFileReference; lastKnownFileType = sourcecode.swift; path = LeagueDetailsViewController.swift; sourceTree = "<group>"; };
		170FE22E2A02B11C00F3D014 /* LeagueDetailsUpcomingCollectionViewCell.swift */ = {isa = PBXFileReference; lastKnownFileType = sourcecode.swift; path = LeagueDetailsUpcomingCollectionViewCell.swift; sourceTree = "<group>"; };
		170FE2302A02B12C00F3D014 /* LeagueDetailsLatestResultsCollectionViewCell.swift */ = {isa = PBXFileReference; lastKnownFileType = sourcecode.swift; path = LeagueDetailsLatestResultsCollectionViewCell.swift; sourceTree = "<group>"; };
		170FE2322A02B13800F3D014 /* LeagueDetailsTeamsOrPlayersCollectionViewCell.swift */ = {isa = PBXFileReference; lastKnownFileType = sourcecode.swift; path = LeagueDetailsTeamsOrPlayersCollectionViewCell.swift; sourceTree = "<group>"; };
		170FE2342A02C28500F3D014 /* ResultLeagueLatest.swift */ = {isa = PBXFileReference; lastKnownFileType = sourcecode.swift; path = ResultLeagueLatest.swift; sourceTree = "<group>"; };
		170FE2362A02CC8C00F3D014 /* ResultLeagueTeams.swift */ = {isa = PBXFileReference; lastKnownFileType = sourcecode.swift; path = ResultLeagueTeams.swift; sourceTree = "<group>"; };
		170FE2382A02D82700F3D014 /* ResultTeamDetails.swift */ = {isa = PBXFileReference; lastKnownFileType = sourcecode.swift; path = ResultTeamDetails.swift; sourceTree = "<group>"; };
		170FE9A42A03B69400ADC277 /* ResultLeagueDetailsUpcomingTennis.swift */ = {isa = PBXFileReference; lastKnownFileType = sourcecode.swift; path = ResultLeagueDetailsUpcomingTennis.swift; sourceTree = "<group>"; };
		170FE9A62A03B6AA00ADC277 /* ResultLeagueDetailsLatestTennis.swift */ = {isa = PBXFileReference; lastKnownFileType = sourcecode.swift; path = ResultLeagueDetailsLatestTennis.swift; sourceTree = "<group>"; };
		170FE9A82A03B6BD00ADC277 /* ResultLeaguePlayersTennis.swift */ = {isa = PBXFileReference; lastKnownFileType = sourcecode.swift; path = ResultLeaguePlayersTennis.swift; sourceTree = "<group>"; };
		170FE9AA2A03B6D300ADC277 /* ResultPlayerDetailsTennis.swift */ = {isa = PBXFileReference; lastKnownFileType = sourcecode.swift; path = ResultPlayerDetailsTennis.swift; sourceTree = "<group>"; };
		17823C5D2A002A01009A8ED3 /* SportOn.app */ = {isa = PBXFileReference; explicitFileType = wrapper.application; includeInIndex = 0; path = SportOn.app; sourceTree = BUILT_PRODUCTS_DIR; };
		17823C602A002A01009A8ED3 /* AppDelegate.swift */ = {isa = PBXFileReference; lastKnownFileType = sourcecode.swift; path = AppDelegate.swift; sourceTree = "<group>"; };
		17823C622A002A01009A8ED3 /* SceneDelegate.swift */ = {isa = PBXFileReference; lastKnownFileType = sourcecode.swift; path = SceneDelegate.swift; sourceTree = "<group>"; };
		17823C642A002A01009A8ED3 /* SplashViewController.swift */ = {isa = PBXFileReference; lastKnownFileType = sourcecode.swift; path = SplashViewController.swift; sourceTree = "<group>"; };
		17823C672A002A01009A8ED3 /* Base */ = {isa = PBXFileReference; lastKnownFileType = file.storyboard; name = Base; path = Base.lproj/Main.storyboard; sourceTree = "<group>"; };
		17823C6A2A002A01009A8ED3 /* SportOn.xcdatamodel */ = {isa = PBXFileReference; lastKnownFileType = wrapper.xcdatamodel; path = SportOn.xcdatamodel; sourceTree = "<group>"; };
		17823C6C2A002A04009A8ED3 /* Assets.xcassets */ = {isa = PBXFileReference; lastKnownFileType = folder.assetcatalog; path = Assets.xcassets; sourceTree = "<group>"; };
		17823C6F2A002A04009A8ED3 /* Base */ = {isa = PBXFileReference; lastKnownFileType = file.storyboard; name = Base; path = Base.lproj/LaunchScreen.storyboard; sourceTree = "<group>"; };
		17823C712A002A04009A8ED3 /* Info.plist */ = {isa = PBXFileReference; lastKnownFileType = text.plist.xml; path = Info.plist; sourceTree = "<group>"; };
		178E1D322A03E3AA0049E26B /* TeamViewController.swift */ = {isa = PBXFileReference; lastKnownFileType = sourcecode.swift; path = TeamViewController.swift; sourceTree = "<group>"; };
		178E1D342A03E3B20049E26B /* PlayerViewController.swift */ = {isa = PBXFileReference; lastKnownFileType = sourcecode.swift; path = PlayerViewController.swift; sourceTree = "<group>"; };
		1796397F2A03EA1C0049ED9A /* TeamPlayerTableViewCell.swift */ = {isa = PBXFileReference; lastKnownFileType = sourcecode.swift; path = TeamPlayerTableViewCell.swift; sourceTree = "<group>"; };
		17A530CA2A011E2D00FF054A /* splash_animation.json */ = {isa = PBXFileReference; fileEncoding = 4; lastKnownFileType = text.json; path = splash_animation.json; sourceTree = "<group>"; };
		17A942CE2A0168A700A9EF64 /* SportsViewController.swift */ = {isa = PBXFileReference; lastKnownFileType = sourcecode.swift; path = SportsViewController.swift; sourceTree = "<group>"; };
		17A942D22A01691C00A9EF64 /* FavoritesViewController.swift */ = {isa = PBXFileReference; lastKnownFileType = sourcecode.swift; path = FavoritesViewController.swift; sourceTree = "<group>"; };
		17A942D42A01696700A9EF64 /* SportsCollectionViewCell.swift */ = {isa = PBXFileReference; lastKnownFileType = sourcecode.swift; path = SportsCollectionViewCell.swift; sourceTree = "<group>"; };
		17A942D62A01767600A9EF64 /* SportItem.swift */ = {isa = PBXFileReference; lastKnownFileType = sourcecode.swift; path = SportItem.swift; sourceTree = "<group>"; };
		17A942D92A017D4B00A9EF64 /* LeaguesViewController.swift */ = {isa = PBXFileReference; lastKnownFileType = sourcecode.swift; path = LeaguesViewController.swift; sourceTree = "<group>"; };
		17A942DB2A0195EE00A9EF64 /* LeaguesTableViewCell.swift */ = {isa = PBXFileReference; lastKnownFileType = sourcecode.swift; path = LeaguesTableViewCell.swift; sourceTree = "<group>"; };
		17A942E02A0197A400A9EF64 /* NetworkService.swift */ = {isa = PBXFileReference; fileEncoding = 4; lastKnownFileType = sourcecode.swift; path = NetworkService.swift; sourceTree = "<group>"; };
		17A942E32A01999400A9EF64 /* ResultLeagues.swift */ = {isa = PBXFileReference; lastKnownFileType = sourcecode.swift; path = ResultLeagues.swift; sourceTree = "<group>"; };
		A9845B205915F3A9148E338A /* Pods-SportOn.debug.xcconfig */ = {isa = PBXFileReference; includeInIndex = 1; lastKnownFileType = text.xcconfig; name = "Pods-SportOn.debug.xcconfig"; path = "Target Support Files/Pods-SportOn/Pods-SportOn.debug.xcconfig"; sourceTree = "<group>"; };
		D3C522A4D47DA837F5C84C39 /* Pods-SportOn.release.xcconfig */ = {isa = PBXFileReference; includeInIndex = 1; lastKnownFileType = text.xcconfig; name = "Pods-SportOn.release.xcconfig"; path = "Target Support Files/Pods-SportOn/Pods-SportOn.release.xcconfig"; sourceTree = "<group>"; };
		F49D13D2DFBB569E2C05AECF /* Pods_SportOn.framework */ = {isa = PBXFileReference; explicitFileType = wrapper.framework; includeInIndex = 0; path = Pods_SportOn.framework; sourceTree = BUILT_PRODUCTS_DIR; };
/* End PBXFileReference section */

/* Begin PBXFrameworksBuildPhase section */
		17823C5A2A002A01009A8ED3 /* Frameworks */ = {
			isa = PBXFrameworksBuildPhase;
			buildActionMask = 2147483647;
			files = (
				17823C922A008971009A8ED3 /* Lottie in Frameworks */,
				0ADC0F039BD27B4D73771171 /* Pods_SportOn.framework in Frameworks */,
			);
			runOnlyForDeploymentPostprocessing = 0;
		};
/* End PBXFrameworksBuildPhase section */

/* Begin PBXGroup section */
		170FE22B2A02AD0700F3D014 /* League Details */ = {
			isa = PBXGroup;
			children = (
				170FE22C2A02AD2F00F3D014 /* LeagueDetailsViewController.swift */,
				170FE22E2A02B11C00F3D014 /* LeagueDetailsUpcomingCollectionViewCell.swift */,
				170FE2302A02B12C00F3D014 /* LeagueDetailsLatestResultsCollectionViewCell.swift */,
				170FE2322A02B13800F3D014 /* LeagueDetailsTeamsOrPlayersCollectionViewCell.swift */,
			);
			path = "League Details";
			sourceTree = "<group>";
		};
		170FE9AC2A03E36B00ADC277 /* Team Details */ = {
			isa = PBXGroup;
			children = (
				178E1D322A03E3AA0049E26B /* TeamViewController.swift */,
				1796397F2A03EA1C0049ED9A /* TeamPlayerTableViewCell.swift */,
			);
			path = "Team Details";
			sourceTree = "<group>";
		};
		17823C542A002A01009A8ED3 = {
			isa = PBXGroup;
			children = (
				17823C5F2A002A01009A8ED3 /* SportOn */,
				17823C5E2A002A01009A8ED3 /* Products */,
				2379AA3738F7BDFFF0B5055E /* Pods */,
				7D4CC10DB16E2B1F919FB279 /* Frameworks */,
			);
			sourceTree = "<group>";
		};
		17823C5E2A002A01009A8ED3 /* Products */ = {
			isa = PBXGroup;
			children = (
				17823C5D2A002A01009A8ED3 /* SportOn.app */,
			);
			name = Products;
			sourceTree = "<group>";
		};
		17823C5F2A002A01009A8ED3 /* SportOn */ = {
			isa = PBXGroup;
			children = (
				17A942E22A0197C000A9EF64 /* Model */,
				17823C772A002DA6009A8ED3 /* View */,
				17823C602A002A01009A8ED3 /* AppDelegate.swift */,
				17823C622A002A01009A8ED3 /* SceneDelegate.swift */,
				17823C662A002A01009A8ED3 /* Main.storyboard */,
				17823C6C2A002A04009A8ED3 /* Assets.xcassets */,
				17823C6E2A002A04009A8ED3 /* LaunchScreen.storyboard */,
				17823C712A002A04009A8ED3 /* Info.plist */,
				17823C692A002A01009A8ED3 /* SportOn.xcdatamodeld */,
			);
			path = SportOn;
			sourceTree = "<group>";
		};
		17823C772A002DA6009A8ED3 /* View */ = {
			isa = PBXGroup;
			children = (
				178E1D312A03E3940049E26B /* Player Details */,
				170FE9AC2A03E36B00ADC277 /* Team Details */,
				170FE22B2A02AD0700F3D014 /* League Details */,
				17A942D82A017D3A00A9EF64 /* Leagues */,
				17A942D12A01690900A9EF64 /* Favorites */,
				17A942D02A01690300A9EF64 /* Sports Home Page */,
				17823C892A0056AB009A8ED3 /* Splash */,
			);
			path = View;
			sourceTree = "<group>";
		};
		17823C892A0056AB009A8ED3 /* Splash */ = {
			isa = PBXGroup;
			children = (
				17823C642A002A01009A8ED3 /* SplashViewController.swift */,
				17A530CA2A011E2D00FF054A /* splash_animation.json */,
			);
			path = Splash;
			sourceTree = "<group>";
		};
		178E1D312A03E3940049E26B /* Player Details */ = {
			isa = PBXGroup;
			children = (
				178E1D342A03E3B20049E26B /* PlayerViewController.swift */,
			);
			path = "Player Details";
			sourceTree = "<group>";
		};
		17A942D02A01690300A9EF64 /* Sports Home Page */ = {
			isa = PBXGroup;
			children = (
				17A942CE2A0168A700A9EF64 /* SportsViewController.swift */,
				17A942D42A01696700A9EF64 /* SportsCollectionViewCell.swift */,
				17A942D62A01767600A9EF64 /* SportItem.swift */,
			);
			path = "Sports Home Page";
			sourceTree = "<group>";
		};
		17A942D12A01690900A9EF64 /* Favorites */ = {
			isa = PBXGroup;
			children = (
				17A942D22A01691C00A9EF64 /* FavoritesViewController.swift */,
			);
			path = Favorites;
			sourceTree = "<group>";
		};
		17A942D82A017D3A00A9EF64 /* Leagues */ = {
			isa = PBXGroup;
			children = (
				17A942D92A017D4B00A9EF64 /* LeaguesViewController.swift */,
				17A942DB2A0195EE00A9EF64 /* LeaguesTableViewCell.swift */,
			);
			path = Leagues;
			sourceTree = "<group>";
		};
		17A942DD2A01977400A9EF64 /* Repository */ = {
			isa = PBXGroup;
			children = (
				17A942DF2A01978400A9EF64 /* Remote Repository */,
				17A942DE2A01977C00A9EF64 /* Local Repository */,
			);
			path = Repository;
			sourceTree = "<group>";
		};
		17A942DE2A01977C00A9EF64 /* Local Repository */ = {
			isa = PBXGroup;
			children = (
			);
			path = "Local Repository";
			sourceTree = "<group>";
		};
		17A942DF2A01978400A9EF64 /* Remote Repository */ = {
			isa = PBXGroup;
			children = (
				17A942E02A0197A400A9EF64 /* NetworkService.swift */,
				17A942E32A01999400A9EF64 /* ResultLeagues.swift */,
				170FE2292A02AB8A00F3D014 /* ResultLeagueDetailsUpcoming.swift */,
				170FE2342A02C28500F3D014 /* ResultLeagueLatest.swift */,
				170FE2362A02CC8C00F3D014 /* ResultLeagueTeams.swift */,
				170FE2382A02D82700F3D014 /* ResultTeamDetails.swift */,
				170FE9A42A03B69400ADC277 /* ResultLeagueDetailsUpcomingTennis.swift */,
				170FE9A62A03B6AA00ADC277 /* ResultLeagueDetailsLatestTennis.swift */,
				170FE9A82A03B6BD00ADC277 /* ResultLeaguePlayersTennis.swift */,
				170FE9AA2A03B6D300ADC277 /* ResultPlayerDetailsTennis.swift */,
			);
			path = "Remote Repository";
			sourceTree = "<group>";
		};
		17A942E22A0197C000A9EF64 /* Model */ = {
			isa = PBXGroup;
			children = (
				17A942DD2A01977400A9EF64 /* Repository */,
			);
			path = Model;
			sourceTree = "<group>";
		};
		2379AA3738F7BDFFF0B5055E /* Pods */ = {
			isa = PBXGroup;
			children = (
				A9845B205915F3A9148E338A /* Pods-SportOn.debug.xcconfig */,
				D3C522A4D47DA837F5C84C39 /* Pods-SportOn.release.xcconfig */,
			);
			path = Pods;
			sourceTree = "<group>";
		};
		7D4CC10DB16E2B1F919FB279 /* Frameworks */ = {
			isa = PBXGroup;
			children = (
				F49D13D2DFBB569E2C05AECF /* Pods_SportOn.framework */,
			);
			name = Frameworks;
			sourceTree = "<group>";
		};
/* End PBXGroup section */

/* Begin PBXNativeTarget section */
		17823C5C2A002A01009A8ED3 /* SportOn */ = {
			isa = PBXNativeTarget;
			buildConfigurationList = 17823C742A002A04009A8ED3 /* Build configuration list for PBXNativeTarget "SportOn" */;
			buildPhases = (
				C7DFBFBBB27A2E3C952B5532 /* [CP] Check Pods Manifest.lock */,
				17823C592A002A01009A8ED3 /* Sources */,
				17823C5A2A002A01009A8ED3 /* Frameworks */,
				17823C5B2A002A01009A8ED3 /* Resources */,
				67815B502CCBB9D5A33C0A3A /* [CP] Embed Pods Frameworks */,
			);
			buildRules = (
			);
			dependencies = (
			);
			name = SportOn;
			packageProductDependencies = (
				17823C912A008971009A8ED3 /* Lottie */,
			);
			productName = SportOn;
			productReference = 17823C5D2A002A01009A8ED3 /* SportOn.app */;
			productType = "com.apple.product-type.application";
		};
/* End PBXNativeTarget section */

/* Begin PBXProject section */
		17823C552A002A01009A8ED3 /* Project object */ = {
			isa = PBXProject;
			attributes = {
				BuildIndependentTargetsInParallel = 1;
				LastSwiftUpdateCheck = 1420;
				LastUpgradeCheck = 1420;
				TargetAttributes = {
					17823C5C2A002A01009A8ED3 = {
						CreatedOnToolsVersion = 14.2;
					};
				};
			};
			buildConfigurationList = 17823C582A002A01009A8ED3 /* Build configuration list for PBXProject "SportOn" */;
			compatibilityVersion = "Xcode 14.0";
			developmentRegion = en;
			hasScannedForEncodings = 0;
			knownRegions = (
				en,
				Base,
			);
			mainGroup = 17823C542A002A01009A8ED3;
			packageReferences = (
				17823C902A008971009A8ED3 /* XCRemoteSwiftPackageReference "lottie-ios" */,
			);
			productRefGroup = 17823C5E2A002A01009A8ED3 /* Products */;
			projectDirPath = "";
			projectRoot = "";
			targets = (
				17823C5C2A002A01009A8ED3 /* SportOn */,
			);
		};
/* End PBXProject section */

/* Begin PBXResourcesBuildPhase section */
		17823C5B2A002A01009A8ED3 /* Resources */ = {
			isa = PBXResourcesBuildPhase;
			buildActionMask = 2147483647;
			files = (
				17823C702A002A04009A8ED3 /* LaunchScreen.storyboard in Resources */,
				17823C6D2A002A04009A8ED3 /* Assets.xcassets in Resources */,
				17823C682A002A01009A8ED3 /* Main.storyboard in Resources */,
				17A530CB2A011E2D00FF054A /* splash_animation.json in Resources */,
			);
			runOnlyForDeploymentPostprocessing = 0;
		};
/* End PBXResourcesBuildPhase section */

/* Begin PBXShellScriptBuildPhase section */
		67815B502CCBB9D5A33C0A3A /* [CP] Embed Pods Frameworks */ = {
			isa = PBXShellScriptBuildPhase;
			buildActionMask = 2147483647;
			files = (
			);
			inputFileListPaths = (
				"${PODS_ROOT}/Target Support Files/Pods-SportOn/Pods-SportOn-frameworks-${CONFIGURATION}-input-files.xcfilelist",
			);
			name = "[CP] Embed Pods Frameworks";
			outputFileListPaths = (
				"${PODS_ROOT}/Target Support Files/Pods-SportOn/Pods-SportOn-frameworks-${CONFIGURATION}-output-files.xcfilelist",
			);
			runOnlyForDeploymentPostprocessing = 0;
			shellPath = /bin/sh;
			shellScript = "\"${PODS_ROOT}/Target Support Files/Pods-SportOn/Pods-SportOn-frameworks.sh\"\n";
			showEnvVarsInLog = 0;
		};
		C7DFBFBBB27A2E3C952B5532 /* [CP] Check Pods Manifest.lock */ = {
			isa = PBXShellScriptBuildPhase;
			buildActionMask = 2147483647;
			files = (
			);
			inputFileListPaths = (
			);
			inputPaths = (
				"${PODS_PODFILE_DIR_PATH}/Podfile.lock",
				"${PODS_ROOT}/Manifest.lock",
			);
			name = "[CP] Check Pods Manifest.lock";
			outputFileListPaths = (
			);
			outputPaths = (
				"$(DERIVED_FILE_DIR)/Pods-SportOn-checkManifestLockResult.txt",
			);
			runOnlyForDeploymentPostprocessing = 0;
			shellPath = /bin/sh;
			shellScript = "diff \"${PODS_PODFILE_DIR_PATH}/Podfile.lock\" \"${PODS_ROOT}/Manifest.lock\" > /dev/null\nif [ $? != 0 ] ; then\n    # print error to STDERR\n    echo \"error: The sandbox is not in sync with the Podfile.lock. Run 'pod install' or update your CocoaPods installation.\" >&2\n    exit 1\nfi\n# This output is used by Xcode 'outputs' to avoid re-running this script phase.\necho \"SUCCESS\" > \"${SCRIPT_OUTPUT_FILE_0}\"\n";
			showEnvVarsInLog = 0;
		};
/* End PBXShellScriptBuildPhase section */

/* Begin PBXSourcesBuildPhase section */
		17823C592A002A01009A8ED3 /* Sources */ = {
			isa = PBXSourcesBuildPhase;
			buildActionMask = 2147483647;
			files = (
				17A942E12A0197A400A9EF64 /* NetworkService.swift in Sources */,
				170FE9A52A03B69400ADC277 /* ResultLeagueDetailsUpcomingTennis.swift in Sources */,
				170FE22F2A02B11C00F3D014 /* LeagueDetailsUpcomingCollectionViewCell.swift in Sources */,
				17823C652A002A01009A8ED3 /* SplashViewController.swift in Sources */,
				170FE9A92A03B6BD00ADC277 /* ResultLeaguePlayersTennis.swift in Sources */,
				17A942D72A01767600A9EF64 /* SportItem.swift in Sources */,
				17A942DC2A0195EE00A9EF64 /* LeaguesTableViewCell.swift in Sources */,
				178E1D352A03E3B20049E26B /* PlayerViewController.swift in Sources */,
				170FE22A2A02AB8A00F3D014 /* ResultLeagueDetailsUpcoming.swift in Sources */,
				170FE2392A02D82700F3D014 /* ResultTeamDetails.swift in Sources */,
				17823C6B2A002A01009A8ED3 /* SportOn.xcdatamodeld in Sources */,
				179639802A03EA1C0049ED9A /* TeamPlayerTableViewCell.swift in Sources */,
				17A942CF2A0168A700A9EF64 /* SportsViewController.swift in Sources */,
				170FE2332A02B13800F3D014 /* LeagueDetailsTeamsOrPlayersCollectionViewCell.swift in Sources */,
				17823C612A002A01009A8ED3 /* AppDelegate.swift in Sources */,
				170FE2372A02CC8C00F3D014 /* ResultLeagueTeams.swift in Sources */,
				178E1D332A03E3AA0049E26B /* TeamViewController.swift in Sources */,
				170FE2312A02B12C00F3D014 /* LeagueDetailsLatestResultsCollectionViewCell.swift in Sources */,
				170FE9A72A03B6AA00ADC277 /* ResultLeagueDetailsLatestTennis.swift in Sources */,
				17A942D52A01696700A9EF64 /* SportsCollectionViewCell.swift in Sources */,
				170FE2352A02C28500F3D014 /* ResultLeagueLatest.swift in Sources */,
				17A942D32A01691C00A9EF64 /* FavoritesViewController.swift in Sources */,
				17823C632A002A01009A8ED3 /* SceneDelegate.swift in Sources */,
				17A942E42A01999400A9EF64 /* ResultLeagues.swift in Sources */,
				170FE9AB2A03B6D300ADC277 /* ResultPlayerDetailsTennis.swift in Sources */,
				170FE22D2A02AD2F00F3D014 /* LeagueDetailsViewController.swift in Sources */,
				17A942DA2A017D4B00A9EF64 /* LeaguesViewController.swift in Sources */,
			);
			runOnlyForDeploymentPostprocessing = 0;
		};
/* End PBXSourcesBuildPhase section */

/* Begin PBXVariantGroup section */
		17823C662A002A01009A8ED3 /* Main.storyboard */ = {
			isa = PBXVariantGroup;
			children = (
				17823C672A002A01009A8ED3 /* Base */,
			);
			name = Main.storyboard;
			sourceTree = "<group>";
		};
		17823C6E2A002A04009A8ED3 /* LaunchScreen.storyboard */ = {
			isa = PBXVariantGroup;
			children = (
				17823C6F2A002A04009A8ED3 /* Base */,
			);
			name = LaunchScreen.storyboard;
			sourceTree = "<group>";
		};
/* End PBXVariantGroup section */

/* Begin XCBuildConfiguration section */
		17823C722A002A04009A8ED3 /* Debug */ = {
			isa = XCBuildConfiguration;
			buildSettings = {
				ALWAYS_SEARCH_USER_PATHS = NO;
				CLANG_ANALYZER_NONNULL = YES;
				CLANG_ANALYZER_NUMBER_OBJECT_CONVERSION = YES_AGGRESSIVE;
				CLANG_CXX_LANGUAGE_STANDARD = "gnu++20";
				CLANG_ENABLE_MODULES = YES;
				CLANG_ENABLE_OBJC_ARC = YES;
				CLANG_ENABLE_OBJC_WEAK = YES;
				CLANG_WARN_BLOCK_CAPTURE_AUTORELEASING = YES;
				CLANG_WARN_BOOL_CONVERSION = YES;
				CLANG_WARN_COMMA = YES;
				CLANG_WARN_CONSTANT_CONVERSION = YES;
				CLANG_WARN_DEPRECATED_OBJC_IMPLEMENTATIONS = YES;
				CLANG_WARN_DIRECT_OBJC_ISA_USAGE = YES_ERROR;
				CLANG_WARN_DOCUMENTATION_COMMENTS = YES;
				CLANG_WARN_EMPTY_BODY = YES;
				CLANG_WARN_ENUM_CONVERSION = YES;
				CLANG_WARN_INFINITE_RECURSION = YES;
				CLANG_WARN_INT_CONVERSION = YES;
				CLANG_WARN_NON_LITERAL_NULL_CONVERSION = YES;
				CLANG_WARN_OBJC_IMPLICIT_RETAIN_SELF = YES;
				CLANG_WARN_OBJC_LITERAL_CONVERSION = YES;
				CLANG_WARN_OBJC_ROOT_CLASS = YES_ERROR;
				CLANG_WARN_QUOTED_INCLUDE_IN_FRAMEWORK_HEADER = YES;
				CLANG_WARN_RANGE_LOOP_ANALYSIS = YES;
				CLANG_WARN_STRICT_PROTOTYPES = YES;
				CLANG_WARN_SUSPICIOUS_MOVE = YES;
				CLANG_WARN_UNGUARDED_AVAILABILITY = YES_AGGRESSIVE;
				CLANG_WARN_UNREACHABLE_CODE = YES;
				CLANG_WARN__DUPLICATE_METHOD_MATCH = YES;
				COPY_PHASE_STRIP = NO;
				DEBUG_INFORMATION_FORMAT = dwarf;
				ENABLE_STRICT_OBJC_MSGSEND = YES;
				ENABLE_TESTABILITY = YES;
				GCC_C_LANGUAGE_STANDARD = gnu11;
				GCC_DYNAMIC_NO_PIC = NO;
				GCC_NO_COMMON_BLOCKS = YES;
				GCC_OPTIMIZATION_LEVEL = 0;
				GCC_PREPROCESSOR_DEFINITIONS = (
					"DEBUG=1",
					"$(inherited)",
				);
				GCC_WARN_64_TO_32_BIT_CONVERSION = YES;
				GCC_WARN_ABOUT_RETURN_TYPE = YES_ERROR;
				GCC_WARN_UNDECLARED_SELECTOR = YES;
				GCC_WARN_UNINITIALIZED_AUTOS = YES_AGGRESSIVE;
				GCC_WARN_UNUSED_FUNCTION = YES;
				GCC_WARN_UNUSED_VARIABLE = YES;
				IPHONEOS_DEPLOYMENT_TARGET = 16.2;
				MTL_ENABLE_DEBUG_INFO = INCLUDE_SOURCE;
				MTL_FAST_MATH = YES;
				ONLY_ACTIVE_ARCH = YES;
				SDKROOT = iphoneos;
				SWIFT_ACTIVE_COMPILATION_CONDITIONS = DEBUG;
				SWIFT_OPTIMIZATION_LEVEL = "-Onone";
			};
			name = Debug;
		};
		17823C732A002A04009A8ED3 /* Release */ = {
			isa = XCBuildConfiguration;
			buildSettings = {
				ALWAYS_SEARCH_USER_PATHS = NO;
				CLANG_ANALYZER_NONNULL = YES;
				CLANG_ANALYZER_NUMBER_OBJECT_CONVERSION = YES_AGGRESSIVE;
				CLANG_CXX_LANGUAGE_STANDARD = "gnu++20";
				CLANG_ENABLE_MODULES = YES;
				CLANG_ENABLE_OBJC_ARC = YES;
				CLANG_ENABLE_OBJC_WEAK = YES;
				CLANG_WARN_BLOCK_CAPTURE_AUTORELEASING = YES;
				CLANG_WARN_BOOL_CONVERSION = YES;
				CLANG_WARN_COMMA = YES;
				CLANG_WARN_CONSTANT_CONVERSION = YES;
				CLANG_WARN_DEPRECATED_OBJC_IMPLEMENTATIONS = YES;
				CLANG_WARN_DIRECT_OBJC_ISA_USAGE = YES_ERROR;
				CLANG_WARN_DOCUMENTATION_COMMENTS = YES;
				CLANG_WARN_EMPTY_BODY = YES;
				CLANG_WARN_ENUM_CONVERSION = YES;
				CLANG_WARN_INFINITE_RECURSION = YES;
				CLANG_WARN_INT_CONVERSION = YES;
				CLANG_WARN_NON_LITERAL_NULL_CONVERSION = YES;
				CLANG_WARN_OBJC_IMPLICIT_RETAIN_SELF = YES;
				CLANG_WARN_OBJC_LITERAL_CONVERSION = YES;
				CLANG_WARN_OBJC_ROOT_CLASS = YES_ERROR;
				CLANG_WARN_QUOTED_INCLUDE_IN_FRAMEWORK_HEADER = YES;
				CLANG_WARN_RANGE_LOOP_ANALYSIS = YES;
				CLANG_WARN_STRICT_PROTOTYPES = YES;
				CLANG_WARN_SUSPICIOUS_MOVE = YES;
				CLANG_WARN_UNGUARDED_AVAILABILITY = YES_AGGRESSIVE;
				CLANG_WARN_UNREACHABLE_CODE = YES;
				CLANG_WARN__DUPLICATE_METHOD_MATCH = YES;
				COPY_PHASE_STRIP = NO;
				DEBUG_INFORMATION_FORMAT = "dwarf-with-dsym";
				ENABLE_NS_ASSERTIONS = NO;
				ENABLE_STRICT_OBJC_MSGSEND = YES;
				GCC_C_LANGUAGE_STANDARD = gnu11;
				GCC_NO_COMMON_BLOCKS = YES;
				GCC_WARN_64_TO_32_BIT_CONVERSION = YES;
				GCC_WARN_ABOUT_RETURN_TYPE = YES_ERROR;
				GCC_WARN_UNDECLARED_SELECTOR = YES;
				GCC_WARN_UNINITIALIZED_AUTOS = YES_AGGRESSIVE;
				GCC_WARN_UNUSED_FUNCTION = YES;
				GCC_WARN_UNUSED_VARIABLE = YES;
				IPHONEOS_DEPLOYMENT_TARGET = 16.2;
				MTL_ENABLE_DEBUG_INFO = NO;
				MTL_FAST_MATH = YES;
				SDKROOT = iphoneos;
				SWIFT_COMPILATION_MODE = wholemodule;
				SWIFT_OPTIMIZATION_LEVEL = "-O";
				VALIDATE_PRODUCT = YES;
			};
			name = Release;
		};
		17823C752A002A04009A8ED3 /* Debug */ = {
			isa = XCBuildConfiguration;
			baseConfigurationReference = A9845B205915F3A9148E338A /* Pods-SportOn.debug.xcconfig */;
			buildSettings = {
				ASSETCATALOG_COMPILER_APPICON_NAME = AppIcon;
				ASSETCATALOG_COMPILER_GLOBAL_ACCENT_COLOR_NAME = AccentColor;
				CODE_SIGN_STYLE = Automatic;
				CURRENT_PROJECT_VERSION = 1;
				DEVELOPMENT_TEAM = CV64V222GG;
				GENERATE_INFOPLIST_FILE = YES;
				INFOPLIST_FILE = SportOn/Info.plist;
				INFOPLIST_KEY_UIApplicationSupportsIndirectInputEvents = YES;
				INFOPLIST_KEY_UILaunchStoryboardName = LaunchScreen;
				INFOPLIST_KEY_UIMainStoryboardFile = Main;
				INFOPLIST_KEY_UISupportedInterfaceOrientations_iPad = "UIInterfaceOrientationPortrait UIInterfaceOrientationPortraitUpsideDown UIInterfaceOrientationLandscapeLeft UIInterfaceOrientationLandscapeRight";
				INFOPLIST_KEY_UISupportedInterfaceOrientations_iPhone = "UIInterfaceOrientationPortrait UIInterfaceOrientationLandscapeLeft UIInterfaceOrientationLandscapeRight";
				LD_RUNPATH_SEARCH_PATHS = (
					"$(inherited)",
					"@executable_path/Frameworks",
				);
				MARKETING_VERSION = 1.0;
				PRODUCT_BUNDLE_IDENTIFIER = com.SportOn;
				PRODUCT_NAME = "$(TARGET_NAME)";
				SWIFT_EMIT_LOC_STRINGS = YES;
				SWIFT_VERSION = 5.0;
				TARGETED_DEVICE_FAMILY = "1,2";
			};
			name = Debug;
		};
		17823C762A002A04009A8ED3 /* Release */ = {
			isa = XCBuildConfiguration;
			baseConfigurationReference = D3C522A4D47DA837F5C84C39 /* Pods-SportOn.release.xcconfig */;
			buildSettings = {
				ASSETCATALOG_COMPILER_APPICON_NAME = AppIcon;
				ASSETCATALOG_COMPILER_GLOBAL_ACCENT_COLOR_NAME = AccentColor;
				CODE_SIGN_STYLE = Automatic;
				CURRENT_PROJECT_VERSION = 1;
				DEVELOPMENT_TEAM = CV64V222GG;
				GENERATE_INFOPLIST_FILE = YES;
				INFOPLIST_FILE = SportOn/Info.plist;
				INFOPLIST_KEY_UIApplicationSupportsIndirectInputEvents = YES;
				INFOPLIST_KEY_UILaunchStoryboardName = LaunchScreen;
				INFOPLIST_KEY_UIMainStoryboardFile = Main;
				INFOPLIST_KEY_UISupportedInterfaceOrientations_iPad = "UIInterfaceOrientationPortrait UIInterfaceOrientationPortraitUpsideDown UIInterfaceOrientationLandscapeLeft UIInterfaceOrientationLandscapeRight";
				INFOPLIST_KEY_UISupportedInterfaceOrientations_iPhone = "UIInterfaceOrientationPortrait UIInterfaceOrientationLandscapeLeft UIInterfaceOrientationLandscapeRight";
				LD_RUNPATH_SEARCH_PATHS = (
					"$(inherited)",
					"@executable_path/Frameworks",
				);
				MARKETING_VERSION = 1.0;
				PRODUCT_BUNDLE_IDENTIFIER = com.SportOn;
				PRODUCT_NAME = "$(TARGET_NAME)";
				SWIFT_EMIT_LOC_STRINGS = YES;
				SWIFT_VERSION = 5.0;
				TARGETED_DEVICE_FAMILY = "1,2";
			};
			name = Release;
		};
/* End XCBuildConfiguration section */

/* Begin XCConfigurationList section */
		17823C582A002A01009A8ED3 /* Build configuration list for PBXProject "SportOn" */ = {
			isa = XCConfigurationList;
			buildConfigurations = (
				17823C722A002A04009A8ED3 /* Debug */,
				17823C732A002A04009A8ED3 /* Release */,
			);
			defaultConfigurationIsVisible = 0;
			defaultConfigurationName = Release;
		};
		17823C742A002A04009A8ED3 /* Build configuration list for PBXNativeTarget "SportOn" */ = {
			isa = XCConfigurationList;
			buildConfigurations = (
				17823C752A002A04009A8ED3 /* Debug */,
				17823C762A002A04009A8ED3 /* Release */,
			);
			defaultConfigurationIsVisible = 0;
			defaultConfigurationName = Release;
		};
/* End XCConfigurationList section */

/* Begin XCRemoteSwiftPackageReference section */
		17823C902A008971009A8ED3 /* XCRemoteSwiftPackageReference "lottie-ios" */ = {
			isa = XCRemoteSwiftPackageReference;
			repositoryURL = "https://github.com/airbnb/lottie-ios";
			requirement = {
				kind = upToNextMajorVersion;
				minimumVersion = 4.0.0;
			};
		};
/* End XCRemoteSwiftPackageReference section */

/* Begin XCSwiftPackageProductDependency section */
		17823C912A008971009A8ED3 /* Lottie */ = {
			isa = XCSwiftPackageProductDependency;
			package = 17823C902A008971009A8ED3 /* XCRemoteSwiftPackageReference "lottie-ios" */;
			productName = Lottie;
		};
/* End XCSwiftPackageProductDependency section */

/* Begin XCVersionGroup section */
		17823C692A002A01009A8ED3 /* SportOn.xcdatamodeld */ = {
			isa = XCVersionGroup;
			children = (
				17823C6A2A002A01009A8ED3 /* SportOn.xcdatamodel */,
			);
			currentVersion = 17823C6A2A002A01009A8ED3 /* SportOn.xcdatamodel */;
			path = SportOn.xcdatamodeld;
			sourceTree = "<group>";
			versionGroupType = wrapper.xcdatamodel;
		};
/* End XCVersionGroup section */
	};
	rootObject = 17823C552A002A01009A8ED3 /* Project object */;
}
